<?xml version="1.0" encoding="utf-8"?>
<Project ToolsVersion="4.0" xmlns="http://schemas.microsoft.com/developer/msbuild/2003">
  <ItemGroup>
    <Filter Include="소스 파일">
      <UniqueIdentifier>{4FC737F1-C7A5-4376-A066-2A32D752A2FF}</UniqueIdentifier>
      <Extensions>cpp;c;cc;cxx;c++;cppm;ixx;def;odl;idl;hpj;bat;asm;asmx</Extensions>
    </Filter>
    <Filter Include="헤더 파일">
      <UniqueIdentifier>{93995380-89BD-4b04-88EB-625FBE52EBFB}</UniqueIdentifier>
      <Extensions>h;hh;hpp;hxx;h++;hm;inl;inc;ipp;xsd</Extensions>
    </Filter>
    <Filter Include="리소스 파일">
      <UniqueIdentifier>{67DA6AB6-F800-4c08-8B7A-83BB121AAD01}</UniqueIdentifier>
      <Extensions>rc;ico;cur;bmp;dlg;rc2;rct;bin;rgs;gif;jpg;jpeg;jpe;resx;tiff;tif;png;wav;mfcribbon-ms</Extensions>
    </Filter>
    <Filter Include="00. MainApp">
      <UniqueIdentifier>{41da48c7-1e79-497e-a402-5b10017368b5}</UniqueIdentifier>
    </Filter>
    <Filter Include="01. Scene">
      <UniqueIdentifier>{052a2359-6b00-4b0d-a5e0-e7cc64e0a640}</UniqueIdentifier>
    </Filter>
    <Filter Include="02. GameObject">
      <UniqueIdentifier>{e78f3682-56ed-4092-8b71-7094eed98c0b}</UniqueIdentifier>
    </Filter>
    <Filter Include="01. Scene\00. Transition">
      <UniqueIdentifier>{ba41e6f3-7ff8-4e1a-beb3-16888745735f}</UniqueIdentifier>
    </Filter>
    <Filter Include="01. Scene\01. Logo">
      <UniqueIdentifier>{43573b85-e6a5-448a-8c76-f3cf10fd11f3}</UniqueIdentifier>
    </Filter>
    <Filter Include="01. Scene\02. Dive">
      <UniqueIdentifier>{5255496e-73f3-45c5-9a01-9c75043f4d95}</UniqueIdentifier>
    </Filter>
    <Filter Include="01. Scene\03. Sushi">
      <UniqueIdentifier>{3dff25a1-c69e-47a5-988e-770de453e396}</UniqueIdentifier>
    </Filter>
    <Filter Include="01. Scene\04. Ship">
      <UniqueIdentifier>{5a518506-1d99-4b61-a67f-4111b4b9452e}</UniqueIdentifier>
    </Filter>
    <Filter Include="01. Scene\03. Sushi\Background">
      <UniqueIdentifier>{ec8b1b07-0930-4645-889d-c5ef68405890}</UniqueIdentifier>
    </Filter>
    <Filter Include="01. Scene\03. Sushi\Camera">
      <UniqueIdentifier>{998908b0-12a3-45c5-a020-bc3b8fcea44f}</UniqueIdentifier>
    </Filter>
    <Filter Include="02. GameObject\00. Ship">
      <UniqueIdentifier>{74aa3529-9847-401f-819b-8d3cf0700677}</UniqueIdentifier>
    </Filter>
    <Filter Include="02. GameObject\00. Ship\02. ShipDiverBox">
      <UniqueIdentifier>{d4c1f274-c066-4b65-a013-1dae95bd8265}</UniqueIdentifier>
    </Filter>
    <Filter Include="02. GameObject\00. Ship\00. ShipDave">
      <UniqueIdentifier>{e3d5e2fe-fdfc-422b-b1ac-57d30dfb677c}</UniqueIdentifier>
    </Filter>
    <Filter Include="02. GameObject\00. Ship\01. Boat">
      <UniqueIdentifier>{f31252f1-f899-4f7f-9a52-c0c33f252a82}</UniqueIdentifier>
    </Filter>
    <Filter Include="01. Scene\03. Sushi\Bancho">
      <UniqueIdentifier>{00379c55-c7bf-4eb3-8237-c8153ac6c3c7}</UniqueIdentifier>
    </Filter>
    <Filter Include="01. Scene\03. Sushi\Dave">
      <UniqueIdentifier>{88d9acb6-172e-4bea-9626-e3807551745a}</UniqueIdentifier>
    </Filter>
    <Filter Include="02. GameObject\DiveDave">
      <UniqueIdentifier>{bc70a9e5-82f4-41b7-bcfe-eb6010122648}</UniqueIdentifier>
    </Filter>
    <Filter Include="PlayerState">
      <UniqueIdentifier>{0267fd7f-631a-41fb-bdcd-0fdd9c3ba53e}</UniqueIdentifier>
    </Filter>
    <Filter Include="02. GameObject\DiveDave\State">
      <UniqueIdentifier>{d5f6e064-9cc8-4bf9-b2c6-1885c523f131}</UniqueIdentifier>
    </Filter>
    <Filter Include="02. GameObject\DiveDave\State\Attack">
      <UniqueIdentifier>{28ba047b-b188-4b75-a12a-565ed449dbb2}</UniqueIdentifier>
    </Filter>
    <Filter Include="02. GameObject\DiveDave\State\Attack\AttackReadyArm">
      <UniqueIdentifier>{40605df8-4673-47c7-a832-b5f9404dec38}</UniqueIdentifier>
    </Filter>
    <Filter Include="02. GameObject\DiveDave\State\Move">
      <UniqueIdentifier>{37a72530-89cd-4d1f-b061-65df3a6a6c38}</UniqueIdentifier>
    </Filter>
    <Filter Include="02. GameObject\DiveDave\State\Idle">
      <UniqueIdentifier>{c8cb48e1-3e9b-436b-91f5-fa88449b4bb3}</UniqueIdentifier>
    </Filter>
    <Filter Include="02. GameObject\DiveDave\DiveDaveCam">
      <UniqueIdentifier>{7a9fe6e0-8171-4e10-a037-1618cd090267}</UniqueIdentifier>
    </Filter>
    <Filter Include="02. GameObject\00. Ship\03. ShipPhone">
      <UniqueIdentifier>{b945b131-3196-4b22-ab1d-647318ca7d56}</UniqueIdentifier>
    </Filter>
    <Filter Include="02. GameObject\00. Ship\04. ShipPhoneIcon">
      <UniqueIdentifier>{6e78a967-9f24-4ee0-a98f-5290eea9e3b4}</UniqueIdentifier>
    </Filter>
    <Filter Include="02. GameObject\00. Ship\05. ShipPhoneApp">
      <UniqueIdentifier>{8b8e5f6e-c502-4afe-9ff8-618cfd6f2103}</UniqueIdentifier>
    </Filter>
    <Filter Include="02. GameObject\DiveDave\State\Attack\TargetEffect">
      <UniqueIdentifier>{9b7ba632-d80f-47c3-a6fa-3ff4ed0858c9}</UniqueIdentifier>
    </Filter>
    <Filter Include="02. GameObject\DiveDave\Harpoon">
      <UniqueIdentifier>{4668e2c5-ed6c-4fd9-ac75-ab3c265f739f}</UniqueIdentifier>
    </Filter>
    <Filter Include="02. GameObject\DiveDave\Harpoon\Projectile">
      <UniqueIdentifier>{afcabb09-5a46-41f7-bf44-f3c657cb6221}</UniqueIdentifier>
    </Filter>
    <Filter Include="02. GameObject\DiveDave\State\Attack\AttackSubState">
      <UniqueIdentifier>{a0aec28b-7349-4686-bba0-e6baf00758ac}</UniqueIdentifier>
    </Filter>
    <Filter Include="02. GameObject\DiveDave\State\Attack\AttackSubState\Ready">
      <UniqueIdentifier>{a66ac31b-38bc-42ec-bd2e-dfb24aba5cb0}</UniqueIdentifier>
    </Filter>
    <Filter Include="02. GameObject\DiveDave\State\Attack\AttackSubState\Fire">
      <UniqueIdentifier>{ce3d1e95-930b-4744-8ad7-b4b6dcd79e46}</UniqueIdentifier>
    </Filter>
    <Filter Include="02. GameObject\DiveDave\State\Attack\AttackSubState\Fight">
      <UniqueIdentifier>{787b46bd-ea69-4397-98b8-57378c8de11f}</UniqueIdentifier>
    </Filter>
    <Filter Include="02. GameObject\DiveDave\State\Attack\AttackSubState\Fail">
      <UniqueIdentifier>{4cafe1e7-f778-4be8-b905-de0738cbd29a}</UniqueIdentifier>
    </Filter>
    <Filter Include="02. GameObject\DiveDave\Harpoon\Projectile\ProjectileState">
      <UniqueIdentifier>{8541f10e-1fce-4cf0-89c1-72ea4d42f679}</UniqueIdentifier>
    </Filter>
    <Filter Include="02. GameObject\DiveDave\Harpoon\Projectile\ProjectileState\Ready">
      <UniqueIdentifier>{4c29e9ef-4116-475e-b4c3-62b3b685cb3d}</UniqueIdentifier>
    </Filter>
    <Filter Include="02. GameObject\DiveDave\Harpoon\Projectile\ProjectileState\Fire">
      <UniqueIdentifier>{70b9e993-83d8-4918-9d8e-9e0e8bac5166}</UniqueIdentifier>
    </Filter>
    <Filter Include="02. GameObject\DiveDave\Harpoon\Projectile\ProjectileState\Hit">
      <UniqueIdentifier>{7a988740-095c-4cda-8d9f-1da723b7ea43}</UniqueIdentifier>
    </Filter>
    <Filter Include="02. GameObject\DiveDave\Harpoon\Projectile\ProjectileState\Return">
      <UniqueIdentifier>{eb4b5691-41d9-4520-a7df-5d4429cc9eb8}</UniqueIdentifier>
    </Filter>
    <Filter Include="01. Scene\03. Sushi\Customers">
      <UniqueIdentifier>{2a4f828d-912f-4c22-a1f6-a4201a3d3e52}</UniqueIdentifier>
    </Filter>
    <Filter Include="01. Scene\03. Sushi\UI">
      <UniqueIdentifier>{373216ba-9fcf-4c05-b906-17e1704635f4}</UniqueIdentifier>
    </Filter>
    <Filter Include="02. GameObject\TestFish">
      <UniqueIdentifier>{8ffb29d7-de74-4113-9ad3-5d4d3d624000}</UniqueIdentifier>
    </Filter>
    <Filter Include="02. GameObject\TestFish\AmericanLobster">
      <UniqueIdentifier>{4351c481-9179-4df2-9631-261aaafe2ea4}</UniqueIdentifier>
    </Filter>
    <Filter Include="02. GameObject\TestFish\Dancing">
      <UniqueIdentifier>{40b7c6cc-07ec-41d2-bbfd-213ed62fdb8f}</UniqueIdentifier>
    </Filter>
    <Filter Include="02. GameObject\DiveDave\Gun">
      <UniqueIdentifier>{afc3ee72-12a1-4f2f-9f71-693413ada00e}</UniqueIdentifier>
    </Filter>
  </ItemGroup>
  <ItemGroup>
    <ClInclude Include="framework.h">
      <Filter>헤더 파일</Filter>
    </ClInclude>
    <ClInclude Include="targetver.h">
      <Filter>헤더 파일</Filter>
    </ClInclude>
    <ClInclude Include="Resource.h">
      <Filter>헤더 파일</Filter>
    </ClInclude>
    <ClInclude Include="Client.h">
      <Filter>헤더 파일</Filter>
    </ClInclude>
    <ClInclude Include="pch.h">
      <Filter>헤더 파일</Filter>
    </ClInclude>
    <ClInclude Include="..\Header\CMainApp.h">
      <Filter>00. MainApp</Filter>
    </ClInclude>
    <ClInclude Include="..\Header\CTransition.h">
      <Filter>01. Scene\00. Transition</Filter>
    </ClInclude>
    <ClInclude Include="..\Header\CLogo.h">
      <Filter>01. Scene\01. Logo</Filter>
    </ClInclude>
    <ClInclude Include="..\Header\CShip.h">
      <Filter>01. Scene\04. Ship</Filter>
    </ClInclude>
    <ClInclude Include="..\Header\CSushi.h">
      <Filter>01. Scene\03. Sushi</Filter>
    </ClInclude>
    <ClInclude Include="..\Header\CDive.h">
      <Filter>01. Scene\02. Dive</Filter>
    </ClInclude>
    <ClInclude Include="..\Header\CBackground.h">
      <Filter>01. Scene\03. Sushi\Background</Filter>
    </ClInclude>
    <ClInclude Include="..\Header\CSakura.h">
      <Filter>01. Scene\03. Sushi\Background</Filter>
    </ClInclude>
    <ClInclude Include="..\Header\CSushiCamera.h">
      <Filter>01. Scene\03. Sushi\Camera</Filter>
    </ClInclude>
    <ClInclude Include="..\Header\CRoof.h">
      <Filter>01. Scene\03. Sushi\Background</Filter>
    </ClInclude>
    <ClInclude Include="..\Header\CFence.h">
      <Filter>01. Scene\03. Sushi\Background</Filter>
    </ClInclude>
    <ClInclude Include="..\Header\CSushiLight.h">
      <Filter>01. Scene\03. Sushi\Background</Filter>
    </ClInclude>
    <ClInclude Include="..\Header\CWood.h">
      <Filter>01. Scene\03. Sushi\Background</Filter>
    </ClInclude>
    <ClInclude Include="..\Header\CTable.h">
      <Filter>01. Scene\03. Sushi\Background</Filter>
    </ClInclude>
    <ClInclude Include="..\Header\CHood.h">
      <Filter>01. Scene\03. Sushi\Background</Filter>
    </ClInclude>
    <ClInclude Include="..\Header\CMenu.h">
      <Filter>01. Scene\03. Sushi\Background</Filter>
    </ClInclude>
    <ClInclude Include="..\Header\CFishTank.h">
      <Filter>01. Scene\03. Sushi\Background</Filter>
    </ClInclude>
    <ClInclude Include="..\Header\CPatternFrame.h">
      <Filter>01. Scene\03. Sushi\Background</Filter>
    </ClInclude>
    <ClInclude Include="..\Header\CSign.h">
      <Filter>01. Scene\03. Sushi\Background</Filter>
    </ClInclude>
    <ClInclude Include="..\Header\CChair.h">
      <Filter>01. Scene\03. Sushi\Background</Filter>
    </ClInclude>
    <ClInclude Include="..\Header\COpen.h">
      <Filter>01. Scene\03. Sushi\Background</Filter>
    </ClInclude>
    <ClInclude Include="..\Header\CKitchen.h">
      <Filter>01. Scene\03. Sushi\Background</Filter>
    </ClInclude>
    <ClInclude Include="..\Header\CSpeaker.h">
      <Filter>01. Scene\03. Sushi\Background</Filter>
    </ClInclude>
    <ClInclude Include="..\Header\CShipDave.h">
      <Filter>02. GameObject\00. Ship\00. ShipDave</Filter>
    </ClInclude>
    <ClInclude Include="..\Header\CShipBoat.h">
      <Filter>02. GameObject\00. Ship\01. Boat</Filter>
    </ClInclude>
    <ClInclude Include="CShipDiverBox.h">
      <Filter>02. GameObject\00. Ship\02. ShipDiverBox</Filter>
    </ClInclude>
    <ClInclude Include="..\Header\CShipPhone.h">
      <Filter>02. GameObject\00. Ship\03. ShipPhone</Filter>
    </ClInclude>
    <ClInclude Include="..\Header\CShipPhoneIcon.h">
      <Filter>02. GameObject\00. Ship\04. ShipPhoneIcon</Filter>
    </ClInclude>
    <ClInclude Include="..\Header\CShipPhoneApp.h">
      <Filter>02. GameObject\00. Ship\05. ShipPhoneApp</Filter>
    </ClInclude>
    <ClInclude Include="..\Header\CBancho.h">
      <Filter>01. Scene\03. Sushi\Bancho</Filter>
    </ClInclude>
    <ClInclude Include="..\Header\CSushiDave.h">
      <Filter>01. Scene\03. Sushi\Dave</Filter>
    </ClInclude>
    <ClInclude Include="..\Header\CDiveDave.h">
      <Filter>02. GameObject\DiveDave</Filter>
    </ClInclude>
    <ClInclude Include="..\Header\CDiveDaveIdle.h">
      <Filter>02. GameObject\DiveDave\State\Idle</Filter>
    </ClInclude>
    <ClInclude Include="..\Header\CPlayerState.h">
      <Filter>PlayerState</Filter>
    </ClInclude>
    <ClInclude Include="..\Header\CDiveDaveMove.h">
      <Filter>02. GameObject\DiveDave\State\Move</Filter>
    </ClInclude>
    <ClInclude Include="..\Header\CDiveDaveAttack.h">
      <Filter>02. GameObject\DiveDave\State\Attack</Filter>
    </ClInclude>
    <ClInclude Include="..\Header\CAttackReadyArm.h">
      <Filter>02. GameObject\DiveDave\State\Attack\AttackReadyArm</Filter>
    </ClInclude>
    <ClInclude Include="..\Header\CDiveDaveCam.h">
      <Filter>02. GameObject\DiveDave\DiveDaveCam</Filter>
    </ClInclude>
    <ClInclude Include="..\Header\CTargetCurveStart.h">
      <Filter>02. GameObject\DiveDave\State\Attack\TargetEffect</Filter>
    </ClInclude>
    <ClInclude Include="..\Header\CTargetArrow.h">
      <Filter>02. GameObject\DiveDave\State\Attack\TargetEffect</Filter>
    </ClInclude>
    <ClInclude Include="..\Header\CHarpoon.h">
      <Filter>02. GameObject\DiveDave\Harpoon</Filter>
    </ClInclude>
    <ClInclude Include="..\Header\CHarpoonProjectile.h">
      <Filter>02. GameObject\DiveDave\Harpoon\Projectile</Filter>
    </ClInclude>
    <ClInclude Include="..\Header\CAttackSubState.h">
      <Filter>02. GameObject\DiveDave\State\Attack\AttackSubState</Filter>
    </ClInclude>
    <ClInclude Include="..\Header\CAttackSubReady.h">
      <Filter>02. GameObject\DiveDave\State\Attack\AttackSubState\Ready</Filter>
    </ClInclude>
    <ClInclude Include="..\Header\CAttackSubFire.h">
      <Filter>02. GameObject\DiveDave\State\Attack\AttackSubState\Fire</Filter>
    </ClInclude>
    <ClInclude Include="..\Header\CAttackSubFail.h">
      <Filter>02. GameObject\DiveDave\State\Attack\AttackSubState\Fail</Filter>
    </ClInclude>
    <ClInclude Include="..\Header\CAttackSubFight.h">
      <Filter>02. GameObject\DiveDave\State\Attack\AttackSubState\Fight</Filter>
    </ClInclude>
    <ClInclude Include="..\Header\CProjectileReady.h">
      <Filter>02. GameObject\DiveDave\Harpoon\Projectile\ProjectileState\Ready</Filter>
    </ClInclude>
    <ClInclude Include="..\Header\CProjectileFire.h">
      <Filter>02. GameObject\DiveDave\Harpoon\Projectile\ProjectileState\Fire</Filter>
    </ClInclude>
    <ClInclude Include="..\Header\CProjectileHit.h">
      <Filter>02. GameObject\DiveDave\Harpoon\Projectile\ProjectileState\Hit</Filter>
    </ClInclude>
    <ClInclude Include="..\Header\CProjectileReturn.h">
      <Filter>02. GameObject\DiveDave\Harpoon\Projectile\ProjectileState\Return</Filter>
    </ClInclude>
    <ClInclude Include="..\Header\CCustomer1.h">
      <Filter>01. Scene\03. Sushi\Customers</Filter>
    </ClInclude>
    <ClInclude Include="..\Header\CMenuFrame.h">
      <Filter>01. Scene\03. Sushi\UI</Filter>
    </ClInclude>
    <ClInclude Include="..\Header\CAddMenuButton.h">
      <Filter>01. Scene\03. Sushi\UI</Filter>
    </ClInclude>
    <ClInclude Include="..\Header\CConfirm.h">
      <Filter>01. Scene\03. Sushi\UI</Filter>
    </ClInclude>
    <ClInclude Include="..\Header\CRecipe.h">
      <Filter>01. Scene\03. Sushi\UI</Filter>
    </ClInclude>
    <ClInclude Include="..\Header\CSushiList.h">
      <Filter>01. Scene\03. Sushi\UI</Filter>
    </ClInclude>
    <ClInclude Include="..\Header\CTestAmericanLobster.h">
      <Filter>02. GameObject\TestFish\AmericanLobster</Filter>
    </ClInclude>
    <ClInclude Include="..\Header\CTestDancing.h">
      <Filter>02. GameObject\TestFish\Dancing</Filter>
    </ClInclude>
    <ClInclude Include="..\Header\CDiveDaveGun.h">
      <Filter>02. GameObject\DiveDave\Gun</Filter>
    </ClInclude>
    <ClInclude Include="..\Header\CDiveDaveMeeleAttack.h">
      <Filter>02. GameObject\DiveDave\State\Attack</Filter>
    </ClInclude>
  </ItemGroup>
  <ItemGroup>
    <ClCompile Include="Client.cpp">
      <Filter>소스 파일</Filter>
    </ClCompile>
    <ClCompile Include="..\Code\CMainApp.cpp">
      <Filter>00. MainApp</Filter>
    </ClCompile>
    <ClCompile Include="pch.cpp">
      <Filter>소스 파일</Filter>
    </ClCompile>
    <ClCompile Include="..\Code\CTransition.cpp">
      <Filter>01. Scene\00. Transition</Filter>
    </ClCompile>
    <ClCompile Include="..\Code\CLogo.cpp">
      <Filter>01. Scene\01. Logo</Filter>
    </ClCompile>
    <ClCompile Include="..\Code\CShip.cpp">
      <Filter>01. Scene\04. Ship</Filter>
    </ClCompile>
    <ClCompile Include="..\Code\CSushi.cpp">
      <Filter>01. Scene\03. Sushi</Filter>
    </ClCompile>
    <ClCompile Include="..\Code\CDive.cpp">
      <Filter>01. Scene\02. Dive</Filter>
    </ClCompile>
    <ClCompile Include="..\Code\CBackground.cpp">
      <Filter>01. Scene\03. Sushi\Background</Filter>
    </ClCompile>
    <ClCompile Include="..\Code\CSakura.cpp">
      <Filter>01. Scene\03. Sushi\Background</Filter>
    </ClCompile>
    <ClCompile Include="..\Code\CSushiCamera.cpp">
      <Filter>01. Scene\03. Sushi\Camera</Filter>
    </ClCompile>
    <ClCompile Include="..\Code\CRoof.cpp">
      <Filter>01. Scene\03. Sushi\Background</Filter>
    </ClCompile>
    <ClCompile Include="..\Code\CFence.cpp">
      <Filter>01. Scene\03. Sushi\Background</Filter>
    </ClCompile>
    <ClCompile Include="..\Code\CSushiLight.cpp">
      <Filter>01. Scene\03. Sushi\Background</Filter>
    </ClCompile>
    <ClCompile Include="..\Code\CWood.cpp">
      <Filter>01. Scene\03. Sushi\Background</Filter>
    </ClCompile>
    <ClCompile Include="..\Code\CTable.cpp">
      <Filter>01. Scene\03. Sushi\Background</Filter>
    </ClCompile>
    <ClCompile Include="..\Code\CHood.cpp">
      <Filter>01. Scene\03. Sushi\Background</Filter>
    </ClCompile>
    <ClCompile Include="..\Code\CMenu.cpp">
      <Filter>01. Scene\03. Sushi\Background</Filter>
    </ClCompile>
    <ClCompile Include="..\Code\CFishTank.cpp">
      <Filter>01. Scene\03. Sushi\Background</Filter>
    </ClCompile>
    <ClCompile Include="..\Code\CPatternFrame.cpp">
      <Filter>01. Scene\03. Sushi\Background</Filter>
    </ClCompile>
    <ClCompile Include="..\Code\CSign.cpp">
      <Filter>01. Scene\03. Sushi\Background</Filter>
    </ClCompile>
    <ClCompile Include="..\Code\CChair.cpp">
      <Filter>01. Scene\03. Sushi\Background</Filter>
    </ClCompile>
    <ClCompile Include="..\Code\COpen.cpp">
      <Filter>01. Scene\03. Sushi\Background</Filter>
    </ClCompile>
    <ClCompile Include="..\Code\CKitchen.cpp">
      <Filter>01. Scene\03. Sushi\Background</Filter>
    </ClCompile>
    <ClCompile Include="..\Code\CSpeaker.cpp">
      <Filter>01. Scene\03. Sushi\Background</Filter>
    </ClCompile>
    <ClCompile Include="..\Code\CShipDave.cpp">
      <Filter>02. GameObject\00. Ship\00. ShipDave</Filter>
    </ClCompile>
    <ClCompile Include="..\Code\CShipBoat.cpp">
      <Filter>02. GameObject\00. Ship\01. Boat</Filter>
    </ClCompile>
    <ClCompile Include="CShipDiverBox.cpp">
      <Filter>02. GameObject\00. Ship\02. ShipDiverBox</Filter>
    </ClCompile>
    <ClCompile Include="..\Code\CShipPhone.cpp">
      <Filter>02. GameObject\00. Ship\03. ShipPhone</Filter>
    </ClCompile>
    <ClCompile Include="..\Code\CShipPhoneIcon.cpp">
      <Filter>02. GameObject\00. Ship\04. ShipPhoneIcon</Filter>
    </ClCompile>
    <ClCompile Include="..\Code\CShipPhoneApp.cpp">
      <Filter>02. GameObject\00. Ship\05. ShipPhoneApp</Filter>
    </ClCompile>
    <ClCompile Include="..\Code\CBancho.cpp">
      <Filter>01. Scene\03. Sushi\Bancho</Filter>
    </ClCompile>
    <ClCompile Include="..\Code\CSushiDave.cpp">
      <Filter>01. Scene\03. Sushi\Dave</Filter>
    </ClCompile>
    <ClCompile Include="..\Code\CDiveDave.cpp">
      <Filter>02. GameObject\DiveDave</Filter>
    </ClCompile>
    <ClCompile Include="..\Code\CDiveDaveIdle.cpp">
      <Filter>02. GameObject\DiveDave\State\Idle</Filter>
    </ClCompile>
    <ClCompile Include="..\Code\CPlayerState.cpp">
      <Filter>PlayerState</Filter>
    </ClCompile>
    <ClCompile Include="..\Code\CDiveDaveMove.cpp">
      <Filter>02. GameObject\DiveDave\State\Move</Filter>
    </ClCompile>
    <ClCompile Include="..\Code\CDiveDaveAttack.cpp">
      <Filter>02. GameObject\DiveDave\State\Attack</Filter>
    </ClCompile>
    <ClCompile Include="..\Code\CAttackReadyArm.cpp">
      <Filter>02. GameObject\DiveDave\State\Attack\AttackReadyArm</Filter>
    </ClCompile>
    <ClCompile Include="..\Code\CDiveDaveCam.cpp">
      <Filter>02. GameObject\DiveDave\DiveDaveCam</Filter>
    </ClCompile>
    <ClCompile Include="..\Code\CTargetCurveStart.cpp">
      <Filter>02. GameObject\DiveDave\State\Attack\TargetEffect</Filter>
    </ClCompile>
    <ClCompile Include="..\Code\CTargetArrow.cpp">
      <Filter>02. GameObject\DiveDave\State\Attack\TargetEffect</Filter>
    </ClCompile>
    <ClCompile Include="..\Code\CHarpoon.cpp">
      <Filter>02. GameObject\DiveDave\Harpoon</Filter>
    </ClCompile>
    <ClCompile Include="..\Code\CHarpoonProjectile.cpp">
      <Filter>02. GameObject\DiveDave\Harpoon\Projectile</Filter>
    </ClCompile>
    <ClCompile Include="..\Code\CAttackSubState.cpp">
      <Filter>02. GameObject\DiveDave\State\Attack\AttackSubState</Filter>
    </ClCompile>
    <ClCompile Include="..\Code\CAttackSubReady.cpp">
      <Filter>02. GameObject\DiveDave\State\Attack\AttackSubState\Ready</Filter>
    </ClCompile>
    <ClCompile Include="..\Code\CAttackSubFire.cpp">
      <Filter>02. GameObject\DiveDave\State\Attack\AttackSubState\Fire</Filter>
    </ClCompile>
    <ClCompile Include="..\Code\CAttackSubFail.cpp">
      <Filter>02. GameObject\DiveDave\State\Attack\AttackSubState\Fail</Filter>
    </ClCompile>
    <ClCompile Include="..\Code\CAttackSubFight.cpp">
      <Filter>02. GameObject\DiveDave\State\Attack\AttackSubState\Fight</Filter>
    </ClCompile>
    <ClCompile Include="..\Code\CProjectileReady.cpp">
      <Filter>02. GameObject\DiveDave\Harpoon\Projectile\ProjectileState\Ready</Filter>
    </ClCompile>
    <ClCompile Include="..\Code\CProjectileFire.cpp">
      <Filter>02. GameObject\DiveDave\Harpoon\Projectile\ProjectileState\Fire</Filter>
    </ClCompile>
    <ClCompile Include="..\Code\CProjectileHit.cpp">
      <Filter>02. GameObject\DiveDave\Harpoon\Projectile\ProjectileState\Hit</Filter>
    </ClCompile>
    <ClCompile Include="..\Code\CProjectileReturn.cpp">
      <Filter>02. GameObject\DiveDave\Harpoon\Projectile\ProjectileState\Return</Filter>
    </ClCompile>
    <ClCompile Include="..\Code\CCustomer1.cpp">
      <Filter>01. Scene\03. Sushi\Customers</Filter>
    </ClCompile>
    <ClCompile Include="..\Code\CMenuFrame.cpp">
      <Filter>01. Scene\03. Sushi\UI</Filter>
    </ClCompile>
    <ClCompile Include="..\Code\CAddMenuButton.cpp">
      <Filter>01. Scene\03. Sushi\UI</Filter>
    </ClCompile>
    <ClCompile Include="..\Code\CConfirm.cpp">
      <Filter>01. Scene\03. Sushi\UI</Filter>
    </ClCompile>
    <ClCompile Include="..\Code\CRecipe.cpp">
      <Filter>01. Scene\03. Sushi\UI</Filter>
    </ClCompile>
    <ClCompile Include="..\Code\CSushiList.cpp">
      <Filter>01. Scene\03. Sushi\UI</Filter>
    </ClCompile>
    <ClCompile Include="..\Code\CTestAmericanLobster.cpp">
      <Filter>02. GameObject\TestFish\AmericanLobster</Filter>
    </ClCompile>
    <ClCompile Include="..\Code\CTestDancing.cpp">
      <Filter>02. GameObject\TestFish\Dancing</Filter>
    </ClCompile>
    <ClCompile Include="..\Code\CDiveDaveGun.cpp">
      <Filter>02. GameObject\DiveDave\Gun</Filter>
    </ClCompile>
    <ClCompile Include="..\Code\CDiveDaveMeeleAttack.cpp">
      <Filter>02. GameObject\DiveDave\State\Attack</Filter>
    </ClCompile>
  </ItemGroup>
  <ItemGroup>
    <ResourceCompile Include="Client.rc">
      <Filter>리소스 파일</Filter>
    </ResourceCompile>
  </ItemGroup>
  <ItemGroup>
    <Image Include="small.ico">
      <Filter>리소스 파일</Filter>
    </Image>
    <Image Include="Client.ico">
      <Filter>리소스 파일</Filter>
    </Image>
  </ItemGroup>
</Project>