<?xml version="1.0" encoding="utf-8"?>
<Project ToolsVersion="4.0" xmlns="http://schemas.microsoft.com/developer/msbuild/2003">
  <ItemGroup>
    <Filter Include="소스 파일">
      <UniqueIdentifier>{4FC737F1-C7A5-4376-A066-2A32D752A2FF}</UniqueIdentifier>
      <Extensions>cpp;c;cc;cxx;c++;cppm;ixx;def;odl;idl;hpj;bat;asm;asmx</Extensions>
    </Filter>
    <Filter Include="헤더 파일">
      <UniqueIdentifier>{93995380-89BD-4b04-88EB-625FBE52EBFB}</UniqueIdentifier>
      <Extensions>h;hh;hpp;hxx;h++;hm;inl;inc;ipp;xsd</Extensions>
    </Filter>
    <Filter Include="리소스 파일">
      <UniqueIdentifier>{67DA6AB6-F800-4c08-8B7A-83BB121AAD01}</UniqueIdentifier>
      <Extensions>rc;ico;cur;bmp;dlg;rc2;rct;bin;rgs;gif;jpg;jpeg;jpe;resx;tiff;tif;png;wav;mfcribbon-ms</Extensions>
    </Filter>
    <Filter Include="00. MainApp">
      <UniqueIdentifier>{41da48c7-1e79-497e-a402-5b10017368b5}</UniqueIdentifier>
    </Filter>
    <Filter Include="01. Scene">
      <UniqueIdentifier>{052a2359-6b00-4b0d-a5e0-e7cc64e0a640}</UniqueIdentifier>
    </Filter>
    <Filter Include="02. GameObject">
      <UniqueIdentifier>{e78f3682-56ed-4092-8b71-7094eed98c0b}</UniqueIdentifier>
    </Filter>
    <Filter Include="01. Scene\00. Transition">
      <UniqueIdentifier>{ba41e6f3-7ff8-4e1a-beb3-16888745735f}</UniqueIdentifier>
    </Filter>
    <Filter Include="01. Scene\01. Logo">
      <UniqueIdentifier>{43573b85-e6a5-448a-8c76-f3cf10fd11f3}</UniqueIdentifier>
    </Filter>
    <Filter Include="01. Scene\02. Dive">
      <UniqueIdentifier>{5255496e-73f3-45c5-9a01-9c75043f4d95}</UniqueIdentifier>
    </Filter>
    <Filter Include="01. Scene\03. Sushi">
      <UniqueIdentifier>{3dff25a1-c69e-47a5-988e-770de453e396}</UniqueIdentifier>
    </Filter>
    <Filter Include="01. Scene\04. Ship">
      <UniqueIdentifier>{5a518506-1d99-4b61-a67f-4111b4b9452e}</UniqueIdentifier>
    </Filter>
    <Filter Include="01. Scene\03. Sushi\Background">
      <UniqueIdentifier>{ec8b1b07-0930-4645-889d-c5ef68405890}</UniqueIdentifier>
    </Filter>
    <Filter Include="01. Scene\03. Sushi\Camera">
      <UniqueIdentifier>{998908b0-12a3-45c5-a020-bc3b8fcea44f}</UniqueIdentifier>
    </Filter>
    <Filter Include="02. GameObject\00. Ship">
      <UniqueIdentifier>{74aa3529-9847-401f-819b-8d3cf0700677}</UniqueIdentifier>
    </Filter>
    <Filter Include="02. GameObject\00. Ship\00. ShipDave">
      <UniqueIdentifier>{e3d5e2fe-fdfc-422b-b1ac-57d30dfb677c}</UniqueIdentifier>
    </Filter>
    <Filter Include="02. GameObject\00. Ship\01. Boat">
      <UniqueIdentifier>{f31252f1-f899-4f7f-9a52-c0c33f252a82}</UniqueIdentifier>
    </Filter>
    <Filter Include="01. Scene\03. Sushi\Bancho">
      <UniqueIdentifier>{00379c55-c7bf-4eb3-8237-c8153ac6c3c7}</UniqueIdentifier>
    </Filter>
    <Filter Include="01. Scene\03. Sushi\Dave">
      <UniqueIdentifier>{88d9acb6-172e-4bea-9626-e3807551745a}</UniqueIdentifier>
    </Filter>
    <Filter Include="02. GameObject\DiveDave">
      <UniqueIdentifier>{bc70a9e5-82f4-41b7-bcfe-eb6010122648}</UniqueIdentifier>
    </Filter>
    <Filter Include="02. GameObject\DiveDave\State">
      <UniqueIdentifier>{d5f6e064-9cc8-4bf9-b2c6-1885c523f131}</UniqueIdentifier>
    </Filter>
    <Filter Include="02. GameObject\DiveDave\State\Attack">
      <UniqueIdentifier>{28ba047b-b188-4b75-a12a-565ed449dbb2}</UniqueIdentifier>
    </Filter>
    <Filter Include="02. GameObject\DiveDave\State\Attack\AttackReadyArm">
      <UniqueIdentifier>{40605df8-4673-47c7-a832-b5f9404dec38}</UniqueIdentifier>
    </Filter>
    <Filter Include="02. GameObject\DiveDave\State\Move">
      <UniqueIdentifier>{37a72530-89cd-4d1f-b061-65df3a6a6c38}</UniqueIdentifier>
    </Filter>
    <Filter Include="02. GameObject\DiveDave\State\Idle">
      <UniqueIdentifier>{c8cb48e1-3e9b-436b-91f5-fa88449b4bb3}</UniqueIdentifier>
    </Filter>
    <Filter Include="02. GameObject\DiveDave\DiveDaveCam">
      <UniqueIdentifier>{7a9fe6e0-8171-4e10-a037-1618cd090267}</UniqueIdentifier>
    </Filter>
    <Filter Include="02. GameObject\00. Ship\04. ShipPhoneIcon">
      <UniqueIdentifier>{6e78a967-9f24-4ee0-a98f-5290eea9e3b4}</UniqueIdentifier>
    </Filter>
    <Filter Include="02. GameObject\DiveDave\State\Attack\TargetEffect">
      <UniqueIdentifier>{9b7ba632-d80f-47c3-a6fa-3ff4ed0858c9}</UniqueIdentifier>
    </Filter>
    <Filter Include="02. GameObject\DiveDave\Harpoon">
      <UniqueIdentifier>{4668e2c5-ed6c-4fd9-ac75-ab3c265f739f}</UniqueIdentifier>
    </Filter>
    <Filter Include="02. GameObject\DiveDave\Harpoon\Projectile">
      <UniqueIdentifier>{afcabb09-5a46-41f7-bf44-f3c657cb6221}</UniqueIdentifier>
    </Filter>
    <Filter Include="02. GameObject\DiveDave\State\Attack\AttackSubState">
      <UniqueIdentifier>{a0aec28b-7349-4686-bba0-e6baf00758ac}</UniqueIdentifier>
    </Filter>
    <Filter Include="02. GameObject\DiveDave\State\Attack\AttackSubState\Ready">
      <UniqueIdentifier>{a66ac31b-38bc-42ec-bd2e-dfb24aba5cb0}</UniqueIdentifier>
    </Filter>
    <Filter Include="02. GameObject\DiveDave\State\Attack\AttackSubState\Fire">
      <UniqueIdentifier>{ce3d1e95-930b-4744-8ad7-b4b6dcd79e46}</UniqueIdentifier>
    </Filter>
    <Filter Include="02. GameObject\DiveDave\State\Attack\AttackSubState\Fight">
      <UniqueIdentifier>{787b46bd-ea69-4397-98b8-57378c8de11f}</UniqueIdentifier>
    </Filter>
    <Filter Include="02. GameObject\DiveDave\State\Attack\AttackSubState\Fail">
      <UniqueIdentifier>{4cafe1e7-f778-4be8-b905-de0738cbd29a}</UniqueIdentifier>
    </Filter>
    <Filter Include="02. GameObject\DiveDave\Harpoon\Projectile\ProjectileState">
      <UniqueIdentifier>{8541f10e-1fce-4cf0-89c1-72ea4d42f679}</UniqueIdentifier>
    </Filter>
    <Filter Include="02. GameObject\DiveDave\Harpoon\Projectile\ProjectileState\Ready">
      <UniqueIdentifier>{4c29e9ef-4116-475e-b4c3-62b3b685cb3d}</UniqueIdentifier>
    </Filter>
    <Filter Include="02. GameObject\DiveDave\Harpoon\Projectile\ProjectileState\Fire">
      <UniqueIdentifier>{70b9e993-83d8-4918-9d8e-9e0e8bac5166}</UniqueIdentifier>
    </Filter>
    <Filter Include="02. GameObject\DiveDave\Harpoon\Projectile\ProjectileState\Hit">
      <UniqueIdentifier>{7a988740-095c-4cda-8d9f-1da723b7ea43}</UniqueIdentifier>
    </Filter>
    <Filter Include="02. GameObject\DiveDave\Harpoon\Projectile\ProjectileState\Return">
      <UniqueIdentifier>{eb4b5691-41d9-4520-a7df-5d4429cc9eb8}</UniqueIdentifier>
    </Filter>
    <Filter Include="01. Scene\03. Sushi\Customers">
      <UniqueIdentifier>{2a4f828d-912f-4c22-a1f6-a4201a3d3e52}</UniqueIdentifier>
    </Filter>
    <Filter Include="01. Scene\03. Sushi\UI">
      <UniqueIdentifier>{373216ba-9fcf-4c05-b906-17e1704635f4}</UniqueIdentifier>
    </Filter>
    <Filter Include="02. GameObject\TestFish">
      <UniqueIdentifier>{8ffb29d7-de74-4113-9ad3-5d4d3d624000}</UniqueIdentifier>
    </Filter>
    <Filter Include="02. GameObject\TestFish\AmericanLobster">
      <UniqueIdentifier>{4351c481-9179-4df2-9631-261aaafe2ea4}</UniqueIdentifier>
    </Filter>
    <Filter Include="02. GameObject\TestFish\Dancing">
      <UniqueIdentifier>{40b7c6cc-07ec-41d2-bbfd-213ed62fdb8f}</UniqueIdentifier>
    </Filter>
    <Filter Include="02. GameObject\DiveDave\Gun">
      <UniqueIdentifier>{afc3ee72-12a1-4f2f-9f71-693413ada00e}</UniqueIdentifier>
    </Filter>
    <Filter Include="02. GameObject\03. SkyBox">
      <UniqueIdentifier>{9a009614-2047-446b-ac77-1c7582a4022c}</UniqueIdentifier>
    </Filter>
    <Filter Include="02. GameObject\00. Ship\02. ShipDiverBoxInventory">
      <UniqueIdentifier>{d4c1f274-c066-4b65-a013-1dae95bd8265}</UniqueIdentifier>
    </Filter>
    <Filter Include="02. GameObject\00. Ship\06. ShipDiverBox">
      <UniqueIdentifier>{251c9393-d453-4d59-a117-96861ef4e846}</UniqueIdentifier>
    </Filter>
    <Filter Include="02. GameObject\DiveDave\Gun\Bullet">
      <UniqueIdentifier>{9aa50c91-277a-4144-9438-47026fa0a512}</UniqueIdentifier>
    </Filter>
    <Filter Include="02. GameObject\DiveDave\TestFish">
      <UniqueIdentifier>{17c6124b-79a3-4b5e-aa3c-eb42e469ba1f}</UniqueIdentifier>
    </Filter>
    <Filter Include="01. Scene\03. Sushi\UI\SushiIcon">
      <UniqueIdentifier>{664dc4d6-5af4-4015-912f-9221c0359927}</UniqueIdentifier>
    </Filter>
    <Filter Include="01. Scene\03. Sushi\UI\SushiIcon\SushiPicture">
      <UniqueIdentifier>{741cb2f5-3723-43b5-92e0-9fece505b6ef}</UniqueIdentifier>
    </Filter>
    <Filter Include="01. Scene\03. Sushi\UI\Frame">
      <UniqueIdentifier>{eb8e79b9-da0b-4e10-a0ad-08b9ff5cd0ba}</UniqueIdentifier>
    </Filter>
    <Filter Include="02. GameObject\DiveDave\State\Tanning">
      <UniqueIdentifier>{677e8561-3ccc-4f79-94a4-ce84be69e49a}</UniqueIdentifier>
    </Filter>
    <Filter Include="02. GameObject\DiveDave\State\Open">
      <UniqueIdentifier>{318ee7c5-a6a4-4dbf-8f34-a8107f3c3928}</UniqueIdentifier>
    </Filter>
    <Filter Include="02. GameObject\Dive_ItemBox">
      <UniqueIdentifier>{c782fb06-9918-4f36-820c-105380482e21}</UniqueIdentifier>
    </Filter>
    <Filter Include="02. GameObject\Dive_Item">
      <UniqueIdentifier>{5cc8d97b-bbcb-4780-a112-91c76618d097}</UniqueIdentifier>
    </Filter>
    <Filter Include="02. GameObject\Dive_Item\Item_O2Capsule">
      <UniqueIdentifier>{690660f6-3366-476b-8131-9c48434900c0}</UniqueIdentifier>
    </Filter>
    <Filter Include="02. GameObject\DiveDave\State\PickUp">
      <UniqueIdentifier>{cf5d5b1b-8f2b-45df-83ec-5f9091f2578b}</UniqueIdentifier>
    </Filter>
    <Filter Include="02. GameObject\00. Ship\08. ShipTransformCam">
      <UniqueIdentifier>{2da4c83f-e67d-4348-b01e-7e26b9bdb455}</UniqueIdentifier>
    </Filter>
    <Filter Include="02. GameObject\00. Ship\Phone">
      <UniqueIdentifier>{cf91ed14-7dd4-49c7-9517-93551208780b}</UniqueIdentifier>
    </Filter>
    <Filter Include="02. GameObject\00. Ship\Phone\03. ShipPhone">
      <UniqueIdentifier>{b945b131-3196-4b22-ab1d-647318ca7d56}</UniqueIdentifier>
    </Filter>
    <Filter Include="02. GameObject\00. Ship\Phone\App">
      <UniqueIdentifier>{aaa83f43-4968-417a-b7ad-8f78b49e2de6}</UniqueIdentifier>
    </Filter>
    <Filter Include="02. GameObject\00. Ship\Phone\App\IDiver">
      <UniqueIdentifier>{0698294a-c91c-446b-ad27-22361e2bc5df}</UniqueIdentifier>
    </Filter>
    <Filter Include="02. GameObject\00. Ship\Phone\App\IDiver\09. ShipPhoneIDiverItem">
      <UniqueIdentifier>{d6ba13d0-2541-44d0-895d-ed18d5b9621e}</UniqueIdentifier>
    </Filter>
    <Filter Include="02. GameObject\00. Ship\Phone\App\IDiver\10. ShipPhoneIDiverItemImg">
      <UniqueIdentifier>{f06a9b4b-e093-40cd-8fd8-284b3d7e42cd}</UniqueIdentifier>
    </Filter>
    <Filter Include="02. GameObject\00. Ship\Phone\App\IDiver\11. ShipPhoneIDiverSelectEdge">
      <UniqueIdentifier>{5207da97-c313-4262-93c2-c075d4b44a82}</UniqueIdentifier>
    </Filter>
    <Filter Include="02. GameObject\00. Ship\Phone\App\IDiver\07. ShipPhoneIDiverBG">
      <UniqueIdentifier>{20bff5a0-cfb4-4129-a2f3-9b394e4e3d52}</UniqueIdentifier>
    </Filter>
    <Filter Include="02. GameObject\00. Ship\Phone\App\05. ShipPhoneApp">
      <UniqueIdentifier>{8b8e5f6e-c502-4afe-9ff8-618cfd6f2103}</UniqueIdentifier>
    </Filter>
    <Filter Include="02. GameObject\00. Ship\Phone\App\IDiver\ShipPhoneIDiverUpgrade">
      <UniqueIdentifier>{d5f2a878-0cdd-4c8a-9206-ab50011cb0e1}</UniqueIdentifier>
    </Filter>
    <Filter Include="02. GameObject\00. Ship\BG">
      <UniqueIdentifier>{fd2e465e-d405-4bae-8296-d2a4a7d6ceb4}</UniqueIdentifier>
    </Filter>
    <Filter Include="02. GameObject\00. Ship\UI">
      <UniqueIdentifier>{e1fa637e-cf69-49a7-bce6-07bc876c09bc}</UniqueIdentifier>
    </Filter>
    <Filter Include="02. GameObject\00. Ship\Phone\App\IDiver\ShipPhoneIDiverUpgradeSuccess">
      <UniqueIdentifier>{b770bb5e-d2f0-44e3-b1f7-be45eebe07f9}</UniqueIdentifier>
    </Filter>
    <Filter Include="02. GameObject\00. Ship\Phone\App\Weapon">
      <UniqueIdentifier>{544f77ad-2d43-42ac-ac86-504eb21fcca9}</UniqueIdentifier>
    </Filter>
    <Filter Include="02. GameObject\BackGround">
      <UniqueIdentifier>{c0414596-a722-4382-a96d-f87e8df2a1c4}</UniqueIdentifier>
    </Filter>
    <Filter Include="02. GameObject\Logo">
      <UniqueIdentifier>{bc798582-013e-46a8-b415-3950663d1fc9}</UniqueIdentifier>
    </Filter>
    <Filter Include="02. GameObject\Transition">
      <UniqueIdentifier>{b4e71ad0-7285-4e3b-a6a3-ce9505b1a17a}</UniqueIdentifier>
    </Filter>
    <Filter Include="02. GameObject\Coral">
      <UniqueIdentifier>{f1cd9ea5-4563-4e69-a8c8-182197905295}</UniqueIdentifier>
    </Filter>
    <Filter Include="01. Scene\03. Sushi\UI\SushiIcon\FishPicture">
      <UniqueIdentifier>{f87ddbbf-de3a-41cc-8245-90510675cdb6}</UniqueIdentifier>
    </Filter>
    <Filter Include="01. Scene\03. Sushi\UI\Button">
      <UniqueIdentifier>{8aa49e37-a291-4b30-821f-19fc289c8e7e}</UniqueIdentifier>
    </Filter>
    <Filter Include="02. GameObject\DiveDave\State\Die">
      <UniqueIdentifier>{f85876f8-022d-4aa1-9e01-4e74a514f907}</UniqueIdentifier>
    </Filter>
    <Filter Include="02. GameObject\DiveDave\State\Hit">
      <UniqueIdentifier>{702d08b8-0f0f-4262-ab68-929b01fd1df6}</UniqueIdentifier>
    </Filter>
    <Filter Include="BaseState">
      <UniqueIdentifier>{0267fd7f-631a-41fb-bdcd-0fdd9c3ba53e}</UniqueIdentifier>
    </Filter>
    <Filter Include="02. GameObject\02. Terrian">
      <UniqueIdentifier>{a783af74-29a5-4b5b-b7f5-ddbe8df41409}</UniqueIdentifier>
    </Filter>
    <Filter Include="02. GameObject\DiveDave\DiveDaveUI">
      <UniqueIdentifier>{e0029985-1828-48d3-be5c-be7f5d6fa980}</UniqueIdentifier>
    </Filter>
    <Filter Include="02. GameObject\DiveDave\DiveDaveUI\DaggerBox">
      <UniqueIdentifier>{47ba82c2-a29e-4708-98fa-7ac6e8a86a8e}</UniqueIdentifier>
    </Filter>
    <Filter Include="02. GameObject\DiveDave\DiveDaveUI\ItemBox">
      <UniqueIdentifier>{f6d14734-3a78-4d04-a888-94190a1591e7}</UniqueIdentifier>
    </Filter>
    <Filter Include="02. GameObject\DiveDave\DiveDaveUI\WeaponBox">
      <UniqueIdentifier>{b5252373-0a63-4e81-9335-20cbc6dea359}</UniqueIdentifier>
    </Filter>
    <Filter Include="02. GameObject\DiveDave\ObserverPattern">
      <UniqueIdentifier>{01965077-0806-46a1-8c6d-bf8980e94dbc}</UniqueIdentifier>
    </Filter>
    <Filter Include="02. GameObject\DiveDave\DiveDaveUI\O2UI">
      <UniqueIdentifier>{4eaaeb4a-5003-482b-9ad1-790ac712391e}</UniqueIdentifier>
    </Filter>
    <Filter Include="02. GameObject\DiveDave\DiveDaveUI\GaugeBar">
      <UniqueIdentifier>{becdca0b-267f-4f49-a4b0-94ffa08190ad}</UniqueIdentifier>
    </Filter>
    <Filter Include="02. GameObject\John">
      <UniqueIdentifier>{6bff9050-cf85-4606-9024-6c37d88ff643}</UniqueIdentifier>
    </Filter>
    <Filter Include="02. GameObject\John\Idle">
      <UniqueIdentifier>{23a261d7-1f68-4dab-8cc6-213c29aa623c}</UniqueIdentifier>
    </Filter>
    <Filter Include="02. GameObject\John\BT">
      <UniqueIdentifier>{9e53a23b-8aa8-4693-a0ba-14dde72e6c69}</UniqueIdentifier>
    </Filter>
    <Filter Include="02. GameObject\John\Chase">
      <UniqueIdentifier>{3f9d88f1-54e0-45c6-ae90-7ec0c886d8c7}</UniqueIdentifier>
    </Filter>
    <Filter Include="02. GameObject\John\AttackReady">
      <UniqueIdentifier>{0c18f5e8-cdd1-44a6-b5ca-18765241f489}</UniqueIdentifier>
    </Filter>
    <Filter Include="02. GameObject\John\AttackShoot">
      <UniqueIdentifier>{58f7737d-00cc-4ec6-a754-2f4958c2ff0e}</UniqueIdentifier>
    </Filter>
    <Filter Include="02. GameObject\Fish">
      <UniqueIdentifier>{7515aa6a-c399-4bac-89c8-5ee89c6c7527}</UniqueIdentifier>
    </Filter>
    <Filter Include="02. GameObject\Fish\State">
      <UniqueIdentifier>{24c5eb58-c185-474b-8391-e07319b284ce}</UniqueIdentifier>
    </Filter>
    <Filter Include="02. GameObject\Fish\State\Stop">
      <UniqueIdentifier>{e9333732-28d5-45ed-9430-c59c7a06811f}</UniqueIdentifier>
    </Filter>
    <Filter Include="02. GameObject\Fish\State\Swim">
      <UniqueIdentifier>{a2c86cd3-6cdd-45ed-9ebd-f0deb61fdd78}</UniqueIdentifier>
    </Filter>
    <Filter Include="02. GameObject\Fish\Species">
      <UniqueIdentifier>{0a898c72-c1ee-4d82-8e3a-d7ffa5e0e0ac}</UniqueIdentifier>
    </Filter>
    <Filter Include="02. GameObject\Fish\Species\BlueTang">
      <UniqueIdentifier>{3e7b4ac2-b05a-4e69-8e8d-3c0bf8fd6586}</UniqueIdentifier>
    </Filter>
    <Filter Include="02. GameObject\Fish\Species\Clownfish">
      <UniqueIdentifier>{52c5707d-d0ed-4bde-b5dd-2619e31a34b6}</UniqueIdentifier>
    </Filter>
    <Filter Include="02. GameObject\Fish\Species\SmallspottedDart">
      <UniqueIdentifier>{cd7072aa-c721-4603-87fe-42586de625c6}</UniqueIdentifier>
    </Filter>
    <Filter Include="02. GameObject\Fish\Species\YellowbackFusilier">
      <UniqueIdentifier>{54384599-a612-4bcd-909a-3503775496db}</UniqueIdentifier>
    </Filter>
    <Filter Include="02. GameObject\Fish\Species\YellowTang">
      <UniqueIdentifier>{096dc95e-5801-4f94-a0be-d528fee3d73d}</UniqueIdentifier>
    </Filter>
    <Filter Include="02. GameObject\Fish\HQ">
      <UniqueIdentifier>{6cc4b156-d3f5-4c07-9a12-6bcdbb5d8ba2}</UniqueIdentifier>
    </Filter>
    <Filter Include="02. GameObject\Fish\Object">
      <UniqueIdentifier>{5e52b883-7137-40ac-ba60-8203a6591214}</UniqueIdentifier>
    </Filter>
    <Filter Include="02. GameObject\Fish\Cluster">
      <UniqueIdentifier>{e3f194ba-1ac6-41ab-9200-c43f6d85e607}</UniqueIdentifier>
    </Filter>
    <Filter Include="02. GameObject\Fish\State\Manual">
      <UniqueIdentifier>{ec31166e-924f-4f41-ba03-8e7022d10719}</UniqueIdentifier>
    </Filter>
    <Filter Include="02. GameObject\Fish\Species\TitanTriggerfish">
      <UniqueIdentifier>{b4035583-da2e-4d8a-8691-4c9af27b70d7}</UniqueIdentifier>
    </Filter>
    <Filter Include="02. GameObject\Fish\Species\Blobfish">
      <UniqueIdentifier>{b2669895-3e33-4705-8427-25a2af60203b}</UniqueIdentifier>
    </Filter>
    <Filter Include="02. GameObject\Fish\Species\HumboldSquid">
      <UniqueIdentifier>{6953014d-8351-4e53-a54a-72b494b660c0}</UniqueIdentifier>
    </Filter>
    <Filter Include="02. GameObject\Fish\Species\GreatSpiderCrab">
      <UniqueIdentifier>{2fa4f67a-0efc-4824-9fba-3df804b8beab}</UniqueIdentifier>
    </Filter>
    <Filter Include="02. GameObject\Fish\Species\RedLionfish">
      <UniqueIdentifier>{fb80868c-b158-4451-a4db-3dee9c09210d}</UniqueIdentifier>
    </Filter>
    <Filter Include="02. GameObject\Fish\Species\GreenHumpheadParrotfish">
      <UniqueIdentifier>{8275e96d-3658-47af-a839-d69030626e45}</UniqueIdentifier>
    </Filter>
    <Filter Include="02. GameObject\Fish\Species\GiantTrevally">
      <UniqueIdentifier>{0f3376fd-6064-494d-8e40-2481255e2fc3}</UniqueIdentifier>
    </Filter>
    <Filter Include="02. GameObject\Fish\Species\JuvenileCircularBatFish">
      <UniqueIdentifier>{9a3d781a-ec0b-4377-bb51-c472c248425b}</UniqueIdentifier>
    </Filter>
    <Filter Include="02. GameObject\Fish\Species\DevilScorpionFish">
      <UniqueIdentifier>{3dcc9dc7-021c-4cb4-ab19-9a2e1fba3bcf}</UniqueIdentifier>
    </Filter>
    <Filter Include="02. GameObject\Fish\Species\AsianSheepshead">
      <UniqueIdentifier>{ddc60780-717d-45fe-9042-9fd0b13ce63d}</UniqueIdentifier>
    </Filter>
    <Filter Include="02. GameObject\Fish\Species\GreyTiggerfish">
      <UniqueIdentifier>{87f2c34c-00a9-4488-8f98-8f6d6efe0846}</UniqueIdentifier>
    </Filter>
    <Filter Include="02. GameObject\Fish\UI">
      <UniqueIdentifier>{825b5648-278d-48f9-b180-fc2d23a9d241}</UniqueIdentifier>
    </Filter>
    <Filter Include="02. GameObject\Fish\UI\GetItem">
      <UniqueIdentifier>{84cad384-84d6-4847-8080-f700fd978975}</UniqueIdentifier>
    </Filter>
    <Filter Include="02. GameObject\Fish\UI\HoldFish">
      <UniqueIdentifier>{f1756187-72fa-4b25-9ddd-da71f198f849}</UniqueIdentifier>
    </Filter>
    <Filter Include="01. Scene\03. Sushi\Wasabi">
      <UniqueIdentifier>{fd042b25-98c8-40a3-a4bd-f60dbcbe7d43}</UniqueIdentifier>
    </Filter>
    <Filter Include="02. GameObject\John\MeleeAttackReady">
      <UniqueIdentifier>{c5758d6d-757a-4714-8fe3-cd21815f2728}</UniqueIdentifier>
    </Filter>
    <Filter Include="02. GameObject\John\MeleeAttack">
      <UniqueIdentifier>{4de75e6c-fc0e-4b85-bfbe-7136a0474a7e}</UniqueIdentifier>
    </Filter>
    <Filter Include="02. GameObject\John\Intro">
      <UniqueIdentifier>{92f78695-0ad1-4be6-b322-6bd30345c6d3}</UniqueIdentifier>
    </Filter>
    <Filter Include="02. GameObject\John\Bullet">
      <UniqueIdentifier>{1b724738-92a7-4556-85f1-ae1582392f71}</UniqueIdentifier>
    </Filter>
    <Filter Include="02. GameObject\John\NoStart">
      <UniqueIdentifier>{dd6ecac0-0c83-489b-9161-368050b37bec}</UniqueIdentifier>
    </Filter>
    <Filter Include="02. GameObject\John\Hit">
      <UniqueIdentifier>{9a529591-3314-4545-98cd-8f566ff00917}</UniqueIdentifier>
    </Filter>
    <Filter Include="02. GameObject\John\BattleAngry">
      <UniqueIdentifier>{60ec1b62-71dd-4476-a750-7d91890e7df5}</UniqueIdentifier>
    </Filter>
    <Filter Include="02. GameObject\John2">
      <UniqueIdentifier>{143c0185-5b83-4077-84f5-a24e1fb4f31c}</UniqueIdentifier>
    </Filter>
    <Filter Include="02. GameObject\John2\Idle">
      <UniqueIdentifier>{242d7319-2911-4263-8fb2-0d0b05d774ae}</UniqueIdentifier>
    </Filter>
    <Filter Include="02. GameObject\John2\NoStart">
      <UniqueIdentifier>{e79f3f7b-3079-4e7f-ae60-2efb7544956f}</UniqueIdentifier>
    </Filter>
    <Filter Include="02. GameObject\John2\Intro">
      <UniqueIdentifier>{1e240791-666e-4777-910e-453bd6f158c8}</UniqueIdentifier>
    </Filter>
    <Filter Include="02. GameObject\John\Die">
      <UniqueIdentifier>{578368ac-03b5-4407-97ae-e6ccb03c473e}</UniqueIdentifier>
    </Filter>
    <Filter Include="02. GameObject\John2\AttackReady">
      <UniqueIdentifier>{e0efd47f-4094-4bca-a3aa-6a63f3919a51}</UniqueIdentifier>
    </Filter>
    <Filter Include="02. GameObject\John2\Chase">
      <UniqueIdentifier>{2a59f70a-ade4-4440-9349-8b1f2694fdb4}</UniqueIdentifier>
    </Filter>
    <Filter Include="02. GameObject\John2\AttackShoot">
      <UniqueIdentifier>{b148ca4c-1525-4895-b12e-a2dd5b6c7fa1}</UniqueIdentifier>
    </Filter>
    <Filter Include="02. GameObject\John2\GunSkill02_Aim">
      <UniqueIdentifier>{5fb8d4b9-1e9f-4584-a63d-e35dc0866408}</UniqueIdentifier>
    </Filter>
    <Filter Include="02. GameObject\John2\MeleeAttack">
      <UniqueIdentifier>{47cd0bea-e4a6-405a-83b8-a84ebe31acc3}</UniqueIdentifier>
    </Filter>
    <Filter Include="02. GameObject\John2\MeleeAttackReady">
      <UniqueIdentifier>{37e35cf4-24fd-40c3-b665-50c46d3b19bd}</UniqueIdentifier>
    </Filter>
    <Filter Include="02. GameObject\John2\MeleeAttackReturn">
      <UniqueIdentifier>{1e2f667a-f334-48af-ae33-8c38b98eaa8a}</UniqueIdentifier>
    </Filter>
    <Filter Include="02. GameObject\DiveDave\State\SubMarine">
      <UniqueIdentifier>{04673cfa-9be8-491c-8ec9-d9fb03b3176c}</UniqueIdentifier>
    </Filter>
    <Filter Include="02. GameObject\DiveResult">
      <UniqueIdentifier>{57c1a566-ae2f-4754-8d7e-d08dc9042042}</UniqueIdentifier>
    </Filter>
    <Filter Include="02. GameObject\BackToShipUI">
      <UniqueIdentifier>{25d94ffb-b043-4b76-85ac-16ff310be786}</UniqueIdentifier>
    </Filter>
    <Filter Include="02. GameObject\Conversation">
      <UniqueIdentifier>{61c8e9c0-35a6-4932-905e-6a89042af3ba}</UniqueIdentifier>
    </Filter>
    <Filter Include="02. GameObject\DiveResult\Result">
      <UniqueIdentifier>{a3356668-8d9d-48db-ae98-1f38d90dad4f}</UniqueIdentifier>
    </Filter>
    <Filter Include="02. GameObject\DiveResult\GoToSushi">
      <UniqueIdentifier>{300a6f58-96f6-48a3-b9f0-d9e456a0396c}</UniqueIdentifier>
    </Filter>
    <Filter Include="02. GameObject\DiveResult\ToSushi">
      <UniqueIdentifier>{e6912de4-4352-4504-b1d6-327ed71ff877}</UniqueIdentifier>
    </Filter>
    <Filter Include="02. GameObject\DiveResult\BanchoGood">
      <UniqueIdentifier>{e058b1dc-e7b8-4a10-9fde-4af25a6d3217}</UniqueIdentifier>
    </Filter>
    <Filter Include="01. Scene\03. Sushi\Tea">
      <UniqueIdentifier>{7e6db575-4963-410e-a255-28416fdcc750}</UniqueIdentifier>
    </Filter>
    <Filter Include="02. GameObject\DiveDave\DiveDaveUI\OverloadedIcon">
      <UniqueIdentifier>{809434f3-c0e3-4fbe-a130-cbb728a2cf14}</UniqueIdentifier>
    </Filter>
    <Filter Include="02. GameObject\DiveDave\State\InitStart">
      <UniqueIdentifier>{10153e22-8090-4042-9f88-2a87871a79bb}</UniqueIdentifier>
    </Filter>
    <Filter Include="02. GameObject\Dive_Item\Item_TripleAxel">
      <UniqueIdentifier>{58f738d9-49f4-462b-8623-6e64ffaa6314}</UniqueIdentifier>
    </Filter>
    <Filter Include="02. GameObject\Dive_Item\Item_PentaAxel">
      <UniqueIdentifier>{2d8906b3-c8c2-427d-9277-bf098546dbdd}</UniqueIdentifier>
    </Filter>
    <Filter Include="02. GameObject\DiveItemDescUI">
      <UniqueIdentifier>{6814c4d9-df3e-49a6-9e68-fb4bc76364ac}</UniqueIdentifier>
    </Filter>
    <Filter Include="02. GameObject\DiveGetWeaponUI">
      <UniqueIdentifier>{40064acd-31f7-475b-9be9-924f4b2772ed}</UniqueIdentifier>
    </Filter>
    <Filter Include="02. GameObject\Dive_Item\CommonItem_Wood">
      <UniqueIdentifier>{8afa162b-f1c4-4066-beeb-cc70eda80bc9}</UniqueIdentifier>
    </Filter>
    <Filter Include="02. GameObject\Dive_Item\CommonItem_WoodPlate">
      <UniqueIdentifier>{eea7ff40-6634-4d8e-bbe7-ab95696f99a3}</UniqueIdentifier>
    </Filter>
    <Filter Include="02. GameObject\Dive_Item\CommonItem_Watch">
      <UniqueIdentifier>{252ad417-db12-4909-a00f-4c4a38377de8}</UniqueIdentifier>
    </Filter>
    <Filter Include="02. GameObject\Dive_Item\CommonItem_Bone">
      <UniqueIdentifier>{fc47c1aa-9dd7-4609-9887-916335b9d5ce}</UniqueIdentifier>
    </Filter>
    <Filter Include="02. GameObject\Dive_Item\CommonItem_DeepSeaCoral">
      <UniqueIdentifier>{b61dbdac-c598-4f63-8d81-04858b8c5610}</UniqueIdentifier>
    </Filter>
    <Filter Include="02. GameObject\Dive_Item\CommonItem_Fragment">
      <UniqueIdentifier>{ba484696-23e5-4e5b-b612-9b458f299bfe}</UniqueIdentifier>
    </Filter>
    <Filter Include="02. GameObject\Dive_Item\CommonItem_Thurible">
      <UniqueIdentifier>{a7fc8b10-3e2c-4608-9d2a-561b64511ddc}</UniqueIdentifier>
    </Filter>
    <Filter Include="02. GameObject\Dive_Item\CommonItem_Rope">
      <UniqueIdentifier>{4896762b-77d5-45bc-91a6-b499c3d64f7b}</UniqueIdentifier>
    </Filter>
    <Filter Include="02. GameObject\Dive_Item\CommonItem_Ruby">
      <UniqueIdentifier>{9f6139a1-0a23-4011-870b-9d28a3b90d73}</UniqueIdentifier>
    </Filter>
    <Filter Include="02. GameObject\Dive_Item\CommonItem_Umb">
      <UniqueIdentifier>{2fd927e7-2370-4c8b-8196-582673bd03bd}</UniqueIdentifier>
    </Filter>
    <Filter Include="02. GameObject\00. Ship\Phone\App\StockMarket">
      <UniqueIdentifier>{14d2440f-3450-40a2-b62f-1f54414f7841}</UniqueIdentifier>
    </Filter>
    <Filter Include="02. GameObject\Dive_Item\Item_AmmoPack">
      <UniqueIdentifier>{92022bed-b197-48e1-b97d-e8c18052a0df}</UniqueIdentifier>
    </Filter>
    <Filter Include="02. GameObject\John2\Hit">
      <UniqueIdentifier>{cbc086bf-3d75-485a-8482-b9150cad9dad}</UniqueIdentifier>
    </Filter>
    <Filter Include="02. GameObject\John2\Die">
      <UniqueIdentifier>{1c916ea8-c8c8-4424-a6e2-0c28957b605b}</UniqueIdentifier>
    </Filter>
    <Filter Include="02. GameObject\John2\Explosion">
      <UniqueIdentifier>{cd6b0a2f-26a4-41c0-9727-ea11006e89ea}</UniqueIdentifier>
    </Filter>
    <Filter Include="02. GameObject\John2\Panties">
      <UniqueIdentifier>{ec09dd2a-20a5-4a41-88a2-dbe7bdbdc260}</UniqueIdentifier>
    </Filter>
    <Filter Include="02. GameObject\John2\Panties_Swim">
      <UniqueIdentifier>{8ffe36bb-ad98-4568-820b-da7d55287502}</UniqueIdentifier>
    </Filter>
    <Filter Include="02. GameObject\John2\Slicable">
      <UniqueIdentifier>{f574f30f-ab65-4df8-bf83-e57fc04bd2e0}</UniqueIdentifier>
    </Filter>
    <Filter Include="01. Scene\05. Ending">
      <UniqueIdentifier>{cc44f231-7151-4bc3-a5d4-ff611256b855}</UniqueIdentifier>
    </Filter>
    <Filter Include="01. Scene\05. Ending\GameObject">
      <UniqueIdentifier>{41b49ca4-8582-4629-85bd-40887a888d89}</UniqueIdentifier>
    </Filter>
    <Filter Include="01. Scene\05. Ending\Conversation">
      <UniqueIdentifier>{b624b17c-8698-4ef7-b283-73985af9a3e2}</UniqueIdentifier>
    </Filter>
    <Filter Include="02. GameObject\Fish\FishTankCollider">
      <UniqueIdentifier>{c62bdf84-01a4-48f9-96a1-a39bfa51d19f}</UniqueIdentifier>
    </Filter>
    <Filter Include="01. Scene\05. Ending\Background">
      <UniqueIdentifier>{91aa63e5-ba38-4f6f-9179-88abef5640d8}</UniqueIdentifier>
    </Filter>
    <Filter Include="02. GameObject\DiveDave\DaveGoldBall">
      <UniqueIdentifier>{10cf98a1-5af8-4e8a-b640-c566911c6558}</UniqueIdentifier>
    </Filter>
  </ItemGroup>
  <ItemGroup>
    <ClInclude Include="framework.h">
      <Filter>헤더 파일</Filter>
    </ClInclude>
    <ClInclude Include="targetver.h">
      <Filter>헤더 파일</Filter>
    </ClInclude>
    <ClInclude Include="Resource.h">
      <Filter>헤더 파일</Filter>
    </ClInclude>
    <ClInclude Include="Client.h">
      <Filter>헤더 파일</Filter>
    </ClInclude>
    <ClInclude Include="pch.h">
      <Filter>헤더 파일</Filter>
    </ClInclude>
    <ClInclude Include="..\Header\CMainApp.h">
      <Filter>00. MainApp</Filter>
    </ClInclude>
    <ClInclude Include="..\Header\CTransition.h">
      <Filter>01. Scene\00. Transition</Filter>
    </ClInclude>
    <ClInclude Include="..\Header\CLogo.h">
      <Filter>01. Scene\01. Logo</Filter>
    </ClInclude>
    <ClInclude Include="..\Header\CShip.h">
      <Filter>01. Scene\04. Ship</Filter>
    </ClInclude>
    <ClInclude Include="..\Header\CSushi.h">
      <Filter>01. Scene\03. Sushi</Filter>
    </ClInclude>
    <ClInclude Include="..\Header\CDive.h">
      <Filter>01. Scene\02. Dive</Filter>
    </ClInclude>
    <ClInclude Include="..\Header\CBackground.h">
      <Filter>01. Scene\03. Sushi\Background</Filter>
    </ClInclude>
    <ClInclude Include="..\Header\CSakura.h">
      <Filter>01. Scene\03. Sushi\Background</Filter>
    </ClInclude>
    <ClInclude Include="..\Header\CSushiCamera.h">
      <Filter>01. Scene\03. Sushi\Camera</Filter>
    </ClInclude>
    <ClInclude Include="..\Header\CRoof.h">
      <Filter>01. Scene\03. Sushi\Background</Filter>
    </ClInclude>
    <ClInclude Include="..\Header\CFence.h">
      <Filter>01. Scene\03. Sushi\Background</Filter>
    </ClInclude>
    <ClInclude Include="..\Header\CSushiLight.h">
      <Filter>01. Scene\03. Sushi\Background</Filter>
    </ClInclude>
    <ClInclude Include="..\Header\CWood.h">
      <Filter>01. Scene\03. Sushi\Background</Filter>
    </ClInclude>
    <ClInclude Include="..\Header\CTable.h">
      <Filter>01. Scene\03. Sushi\Background</Filter>
    </ClInclude>
    <ClInclude Include="..\Header\CHood.h">
      <Filter>01. Scene\03. Sushi\Background</Filter>
    </ClInclude>
    <ClInclude Include="..\Header\CMenu.h">
      <Filter>01. Scene\03. Sushi\Background</Filter>
    </ClInclude>
    <ClInclude Include="..\Header\CFishTank.h">
      <Filter>01. Scene\03. Sushi\Background</Filter>
    </ClInclude>
    <ClInclude Include="..\Header\CPatternFrame.h">
      <Filter>01. Scene\03. Sushi\Background</Filter>
    </ClInclude>
    <ClInclude Include="..\Header\CSign.h">
      <Filter>01. Scene\03. Sushi\Background</Filter>
    </ClInclude>
    <ClInclude Include="..\Header\CChair.h">
      <Filter>01. Scene\03. Sushi\Background</Filter>
    </ClInclude>
    <ClInclude Include="..\Header\COpen.h">
      <Filter>01. Scene\03. Sushi\Background</Filter>
    </ClInclude>
    <ClInclude Include="..\Header\CKitchen.h">
      <Filter>01. Scene\03. Sushi\Background</Filter>
    </ClInclude>
    <ClInclude Include="..\Header\CSpeaker.h">
      <Filter>01. Scene\03. Sushi\Background</Filter>
    </ClInclude>
    <ClInclude Include="..\Header\CShipDave.h">
      <Filter>02. GameObject\00. Ship\00. ShipDave</Filter>
    </ClInclude>
    <ClInclude Include="..\Header\CShipBoat.h">
      <Filter>02. GameObject\00. Ship\01. Boat</Filter>
    </ClInclude>
    <ClInclude Include="..\Header\CShipPhone.h">
      <Filter>02. GameObject\00. Ship\Phone\03. ShipPhone</Filter>
    </ClInclude>
    <ClInclude Include="..\Header\CShipPhoneIcon.h">
      <Filter>02. GameObject\00. Ship\04. ShipPhoneIcon</Filter>
    </ClInclude>
    <ClInclude Include="..\Header\CShipPhoneApp.h">
      <Filter>02. GameObject\00. Ship\Phone\App\05. ShipPhoneApp</Filter>
    </ClInclude>
    <ClInclude Include="..\Header\CBancho.h">
      <Filter>01. Scene\03. Sushi\Bancho</Filter>
    </ClInclude>
    <ClInclude Include="..\Header\CSushiDave.h">
      <Filter>01. Scene\03. Sushi\Dave</Filter>
    </ClInclude>
    <ClInclude Include="..\Header\CDiveDave.h">
      <Filter>02. GameObject\DiveDave</Filter>
    </ClInclude>
    <ClInclude Include="..\Header\CDiveDaveIdle.h">
      <Filter>02. GameObject\DiveDave\State\Idle</Filter>
    </ClInclude>
    <ClInclude Include="..\Header\CBaseState.h">
      <Filter>BaseState</Filter>
    </ClInclude>
    <ClInclude Include="..\Header\CDiveDaveMove.h">
      <Filter>02. GameObject\DiveDave\State\Move</Filter>
    </ClInclude>
    <ClInclude Include="..\Header\CDiveDaveAttack.h">
      <Filter>02. GameObject\DiveDave\State\Attack</Filter>
    </ClInclude>
    <ClInclude Include="..\Header\CAttackReadyArm.h">
      <Filter>02. GameObject\DiveDave\State\Attack\AttackReadyArm</Filter>
    </ClInclude>
    <ClInclude Include="..\Header\CDiveDaveCam.h">
      <Filter>02. GameObject\DiveDave\DiveDaveCam</Filter>
    </ClInclude>
    <ClInclude Include="..\Header\CTargetCurveStart.h">
      <Filter>02. GameObject\DiveDave\State\Attack\TargetEffect</Filter>
    </ClInclude>
    <ClInclude Include="..\Header\CTargetArrow.h">
      <Filter>02. GameObject\DiveDave\State\Attack\TargetEffect</Filter>
    </ClInclude>
    <ClInclude Include="..\Header\CHarpoon.h">
      <Filter>02. GameObject\DiveDave\Harpoon</Filter>
    </ClInclude>
    <ClInclude Include="..\Header\CHarpoonProjectile.h">
      <Filter>02. GameObject\DiveDave\Harpoon\Projectile</Filter>
    </ClInclude>
    <ClInclude Include="..\Header\CAttackSubState.h">
      <Filter>02. GameObject\DiveDave\State\Attack\AttackSubState</Filter>
    </ClInclude>
    <ClInclude Include="..\Header\CAttackSubReady.h">
      <Filter>02. GameObject\DiveDave\State\Attack\AttackSubState\Ready</Filter>
    </ClInclude>
    <ClInclude Include="..\Header\CAttackSubFire.h">
      <Filter>02. GameObject\DiveDave\State\Attack\AttackSubState\Fire</Filter>
    </ClInclude>
    <ClInclude Include="..\Header\CAttackSubFail.h">
      <Filter>02. GameObject\DiveDave\State\Attack\AttackSubState\Fail</Filter>
    </ClInclude>
    <ClInclude Include="..\Header\CAttackSubFight.h">
      <Filter>02. GameObject\DiveDave\State\Attack\AttackSubState\Fight</Filter>
    </ClInclude>
    <ClInclude Include="..\Header\CProjectileReady.h">
      <Filter>02. GameObject\DiveDave\Harpoon\Projectile\ProjectileState\Ready</Filter>
    </ClInclude>
    <ClInclude Include="..\Header\CProjectileFire.h">
      <Filter>02. GameObject\DiveDave\Harpoon\Projectile\ProjectileState\Fire</Filter>
    </ClInclude>
    <ClInclude Include="..\Header\CProjectileHit.h">
      <Filter>02. GameObject\DiveDave\Harpoon\Projectile\ProjectileState\Hit</Filter>
    </ClInclude>
    <ClInclude Include="..\Header\CProjectileReturn.h">
      <Filter>02. GameObject\DiveDave\Harpoon\Projectile\ProjectileState\Return</Filter>
    </ClInclude>
    <ClInclude Include="..\Header\CCustomer1.h">
      <Filter>01. Scene\03. Sushi\Customers</Filter>
    </ClInclude>
    <ClInclude Include="..\Header\CConfirm.h">
      <Filter>01. Scene\03. Sushi\UI</Filter>
    </ClInclude>
    <ClInclude Include="..\Header\CTestAmericanLobster.h">
      <Filter>02. GameObject\TestFish\AmericanLobster</Filter>
    </ClInclude>
    <ClInclude Include="..\Header\CTestDancing.h">
      <Filter>02. GameObject\TestFish\Dancing</Filter>
    </ClInclude>
    <ClInclude Include="..\Header\CDiveDaveGun.h">
      <Filter>02. GameObject\DiveDave\Gun</Filter>
    </ClInclude>
    <ClInclude Include="..\Header\CDiveDaveMeeleAttack.h">
      <Filter>02. GameObject\DiveDave\State\Attack</Filter>
    </ClInclude>
    <ClInclude Include="..\Header\CTerrian.h">
      <Filter>02. GameObject\02. Terrian</Filter>
    </ClInclude>
    <ClInclude Include="..\Header\CSkyBox.h">
      <Filter>02. GameObject\03. SkyBox</Filter>
    </ClInclude>
    <ClInclude Include="..\Header\CBluejongR.h">
      <Filter>01. Scene\03. Sushi\UI\SushiIcon\SushiPicture</Filter>
    </ClInclude>
    <ClInclude Include="..\Header\CClownFishR.h">
      <Filter>01. Scene\03. Sushi\UI\SushiIcon\SushiPicture</Filter>
    </ClInclude>
    <ClInclude Include="..\Header\CYellowbackR.h">
      <Filter>01. Scene\03. Sushi\UI\SushiIcon\SushiPicture</Filter>
    </ClInclude>
    <ClInclude Include="..\Header\CYellowTangR.h">
      <Filter>01. Scene\03. Sushi\UI\SushiIcon\SushiPicture</Filter>
    </ClInclude>
    <ClInclude Include="..\Header\CDartR.h">
      <Filter>01. Scene\03. Sushi\UI\SushiIcon\SushiPicture</Filter>
    </ClInclude>
    <ClInclude Include="..\Header\CMenuFrame.h">
      <Filter>01. Scene\03. Sushi\UI\Frame</Filter>
    </ClInclude>
    <ClInclude Include="..\Header\CSushiFrame.h">
      <Filter>01. Scene\03. Sushi\UI\Frame</Filter>
    </ClInclude>
    <ClInclude Include="..\Header\CRecipe.h">
      <Filter>01. Scene\03. Sushi\UI\Frame</Filter>
    </ClInclude>
    <ClInclude Include="..\Header\CSushiList.h">
      <Filter>01. Scene\03. Sushi\UI\Frame</Filter>
    </ClInclude>
    <ClInclude Include="..\Header\CShipDiverBox.h">
      <Filter>02. GameObject\00. Ship\06. ShipDiverBox</Filter>
    </ClInclude>
    <ClInclude Include="..\Header\CDiveDaveBullet.h">
      <Filter>02. GameObject\DiveDave\Gun\Bullet</Filter>
    </ClInclude>
    <ClInclude Include="..\Header\CTestFish.h">
      <Filter>02. GameObject\DiveDave\TestFish</Filter>
    </ClInclude>
    <ClInclude Include="..\Header\CDiveDaveTanning.h">
      <Filter>02. GameObject\DiveDave\State\Tanning</Filter>
    </ClInclude>
    <ClInclude Include="..\Header\CDiveDaveOpen.h">
      <Filter>02. GameObject\DiveDave\State\Open</Filter>
    </ClInclude>
    <ClInclude Include="..\Header\CDiveItemBox.h">
      <Filter>02. GameObject\Dive_ItemBox</Filter>
    </ClInclude>
    <ClInclude Include="..\Header\CDiveItem.h">
      <Filter>02. GameObject\Dive_Item</Filter>
    </ClInclude>
    <ClInclude Include="..\Header\CO2Capsule.h">
      <Filter>02. GameObject\Dive_Item\Item_O2Capsule</Filter>
    </ClInclude>
    <ClInclude Include="..\Header\CDiveDavePickUp.h">
      <Filter>02. GameObject\DiveDave\State\PickUp</Filter>
    </ClInclude>
    <ClInclude Include="..\Header\CShipPhoneIDiverBG.h">
      <Filter>02. GameObject\00. Ship\Phone\App\IDiver\07. ShipPhoneIDiverBG</Filter>
    </ClInclude>
    <ClInclude Include="..\Header\CShipTransformCam.h">
      <Filter>02. GameObject\00. Ship\08. ShipTransformCam</Filter>
    </ClInclude>
    <ClInclude Include="..\Header\CShipPhoneIDiverItemImg.h">
      <Filter>02. GameObject\00. Ship\Phone\App\IDiver\10. ShipPhoneIDiverItemImg</Filter>
    </ClInclude>
    <ClInclude Include="..\Header\CShipPhoneIDiverSelectEdge.h">
      <Filter>02. GameObject\00. Ship\Phone\App\IDiver\11. ShipPhoneIDiverSelectEdge</Filter>
    </ClInclude>
    <ClInclude Include="..\Header\CShipPhoneIDiverUpgrade.h">
      <Filter>02. GameObject\00. Ship\Phone\App\IDiver\ShipPhoneIDiverUpgrade</Filter>
    </ClInclude>
    <ClInclude Include="..\Header\CShipBG.h">
      <Filter>02. GameObject\00. Ship\BG</Filter>
    </ClInclude>
    <ClInclude Include="..\Header\CShipFakeBG.h">
      <Filter>02. GameObject\00. Ship\BG</Filter>
    </ClInclude>
    <ClInclude Include="..\Header\CShipUIDiveBtn.h">
      <Filter>02. GameObject\00. Ship\UI</Filter>
    </ClInclude>
    <ClInclude Include="..\Header\CTriggerAABB.h">
      <Filter>02. GameObject\00. Ship</Filter>
    </ClInclude>
    <ClInclude Include="..\Header\CShipUIGoBtn.h">
      <Filter>02. GameObject\00. Ship\UI</Filter>
    </ClInclude>
    <ClInclude Include="..\Header\CShipUISpaceKey.h">
      <Filter>02. GameObject\00. Ship\UI</Filter>
    </ClInclude>
    <ClInclude Include="..\Header\CShipUIMoney.h">
      <Filter>02. GameObject\00. Ship\UI</Filter>
    </ClInclude>
    <ClInclude Include="..\Header\CShipDiverBoxDave.h">
      <Filter>02. GameObject\00. Ship\02. ShipDiverBoxInventory</Filter>
    </ClInclude>
    <ClInclude Include="..\Header\CShipDiverBoxInventoryEdge.h">
      <Filter>02. GameObject\00. Ship\02. ShipDiverBoxInventory</Filter>
    </ClInclude>
    <ClInclude Include="..\Header\CShipDiverBoxInventoryItemArea.h">
      <Filter>02. GameObject\00. Ship\02. ShipDiverBoxInventory</Filter>
    </ClInclude>
    <ClInclude Include="..\Header\CShipDiverBoxInventoryItemImg.h">
      <Filter>02. GameObject\00. Ship\02. ShipDiverBoxInventory</Filter>
    </ClInclude>
    <ClInclude Include="..\Header\CShipDiverBoxinventoryDesc.h">
      <Filter>02. GameObject\00. Ship\02. ShipDiverBoxInventory</Filter>
    </ClInclude>
    <ClInclude Include="..\Header\CShipPhoneIDiverUpgradeSuccess.h">
      <Filter>02. GameObject\00. Ship\Phone\App\IDiver\ShipPhoneIDiverUpgradeSuccess</Filter>
    </ClInclude>
    <ClInclude Include="..\Header\CShipPhoneIDiverUpgradeBtn.h">
      <Filter>02. GameObject\00. Ship\Phone\App\IDiver\ShipPhoneIDiverUpgrade</Filter>
    </ClInclude>
    <ClInclude Include="..\Header\IDiverInfo.h">
      <Filter>02. GameObject\00. Ship\Phone\App\IDiver</Filter>
    </ClInclude>
    <ClInclude Include="..\Header\CShipPhoneIDiverItem.h">
      <Filter>02. GameObject\00. Ship\Phone\App\IDiver\09. ShipPhoneIDiverItem</Filter>
    </ClInclude>
    <ClInclude Include="..\Header\CShipDiverBoxInventory.h">
      <Filter>02. GameObject\00. Ship\02. ShipDiverBoxInventory</Filter>
    </ClInclude>
    <ClInclude Include="..\Header\CShipPhoneWeaponBG.h">
      <Filter>02. GameObject\00. Ship\Phone\App\Weapon</Filter>
    </ClInclude>
    <ClInclude Include="..\Header\CShipPhoneWeaponImg.h">
      <Filter>02. GameObject\00. Ship\Phone\App\Weapon</Filter>
    </ClInclude>
    <ClInclude Include="..\Header\CShipPhoneWeaponArea.h">
      <Filter>02. GameObject\00. Ship\Phone\App\Weapon</Filter>
    </ClInclude>
    <ClInclude Include="..\Header\CShipPhoneWeaponCreateSuccess.h">
      <Filter>02. GameObject\00. Ship\Phone\App\Weapon</Filter>
    </ClInclude>
    <ClInclude Include="..\Header\CBackGroundSea.h">
      <Filter>02. GameObject\BackGround</Filter>
    </ClInclude>
    <ClInclude Include="..\Header\CLogoBG.h">
      <Filter>02. GameObject\Logo</Filter>
    </ClInclude>
    <ClInclude Include="..\Header\CLogoTitle.h">
      <Filter>02. GameObject\Logo</Filter>
    </ClInclude>
    <ClInclude Include="..\Header\CLogoBtnArea.h">
      <Filter>02. GameObject\Logo</Filter>
    </ClInclude>
    <ClInclude Include="..\Header\CTransitionBG.h">
      <Filter>02. GameObject\Transition</Filter>
    </ClInclude>
    <ClInclude Include="..\Header\CTransitionFade.h">
      <Filter>02. GameObject\Transition</Filter>
    </ClInclude>
    <ClInclude Include="..\Header\CTransitionImg.h">
      <Filter>02. GameObject\Transition</Filter>
    </ClInclude>
    <ClInclude Include="..\Header\CTransitionTxt.h">
      <Filter>02. GameObject\Transition</Filter>
    </ClInclude>
    <ClInclude Include="..\Header\CTransitionFace.h">
      <Filter>02. GameObject\Transition</Filter>
    </ClInclude>
    <ClInclude Include="..\Header\CCoral.h">
      <Filter>02. GameObject\Coral</Filter>
    </ClInclude>
    <ClInclude Include="..\Header\CFishFrame.h">
      <Filter>01. Scene\03. Sushi\UI\Frame</Filter>
    </ClInclude>
    <ClInclude Include="..\Header\CYellowTangP.h">
      <Filter>01. Scene\03. Sushi\UI\SushiIcon\FishPicture</Filter>
    </ClInclude>
    <ClInclude Include="..\Header\CYellowbackP.h">
      <Filter>01. Scene\03. Sushi\UI\SushiIcon\FishPicture</Filter>
    </ClInclude>
    <ClInclude Include="..\Header\CDartP.h">
      <Filter>01. Scene\03. Sushi\UI\SushiIcon\FishPicture</Filter>
    </ClInclude>
    <ClInclude Include="..\Header\CClownFishP.h">
      <Filter>01. Scene\03. Sushi\UI\SushiIcon\FishPicture</Filter>
    </ClInclude>
    <ClInclude Include="..\Header\CBluejongP.h">
      <Filter>01. Scene\03. Sushi\UI\SushiIcon\FishPicture</Filter>
    </ClInclude>
    <ClInclude Include="..\Header\CDepthP.h">
      <Filter>01. Scene\03. Sushi\UI\SushiIcon\FishPicture</Filter>
    </ClInclude>
    <ClInclude Include="..\Header\CAddMenuButton.h">
      <Filter>01. Scene\03. Sushi\UI\Button</Filter>
    </ClInclude>
    <ClInclude Include="..\Header\CUpgradeButton.h">
      <Filter>01. Scene\03. Sushi\UI\Button</Filter>
    </ClInclude>
    <ClInclude Include="..\Header\COkayButton.h">
      <Filter>01. Scene\03. Sushi\UI\Button</Filter>
    </ClInclude>
    <ClInclude Include="..\Header\CFishConfirmFrame.h">
      <Filter>01. Scene\03. Sushi\UI\Frame</Filter>
    </ClInclude>
    <ClInclude Include="..\Header\CIncreaseButton.h">
      <Filter>01. Scene\03. Sushi\UI\Button</Filter>
    </ClInclude>
    <ClInclude Include="..\Header\CLessButton.h">
      <Filter>01. Scene\03. Sushi\UI\Button</Filter>
    </ClInclude>
    <ClInclude Include="..\Header\CCloseButton.h">
      <Filter>01. Scene\03. Sushi\UI\Button</Filter>
    </ClInclude>
    <ClInclude Include="..\Header\CMaxButton.h">
      <Filter>01. Scene\03. Sushi\UI\Button</Filter>
    </ClInclude>
    <ClInclude Include="..\Header\COverlay.h">
      <Filter>01. Scene\03. Sushi\UI</Filter>
    </ClInclude>
    <ClInclude Include="..\Header\CSelectedFrame.h">
      <Filter>01. Scene\03. Sushi\UI\Frame</Filter>
    </ClInclude>
    <ClInclude Include="..\Header\CFSM.h">
      <Filter>02. GameObject\DiveDave</Filter>
    </ClInclude>
    <ClInclude Include="..\Header\CDiveDaveHit.h">
      <Filter>02. GameObject\DiveDave\State\Hit</Filter>
    </ClInclude>
    <ClInclude Include="..\Header\CDiveDaveDie.h">
      <Filter>02. GameObject\DiveDave\State\Die</Filter>
    </ClInclude>
    <ClInclude Include="..\Header\CUpgradeFrame.h">
      <Filter>01. Scene\03. Sushi\UI\Frame</Filter>
    </ClInclude>
    <ClInclude Include="..\Header\CUpgradeConfirmButton.h">
      <Filter>01. Scene\03. Sushi\UI\Button</Filter>
    </ClInclude>
    <ClInclude Include="..\Header\COpenShop.h">
      <Filter>01. Scene\03. Sushi\Background</Filter>
    </ClInclude>
    <ClInclude Include="..\Header\CMenuBubble.h">
      <Filter>01. Scene\03. Sushi\Customers</Filter>
    </ClInclude>
    <ClInclude Include="..\Header\CDaggerBoxUI.h">
      <Filter>02. GameObject\DiveDave\DiveDaveUI\DaggerBox</Filter>
    </ClInclude>
    <ClInclude Include="..\Header\CDaggerThumbnailUI.h">
      <Filter>02. GameObject\DiveDave\DiveDaveUI\DaggerBox</Filter>
    </ClInclude>
    <ClInclude Include="..\Header\CDaggerBoxMouseLKeyUI.h">
      <Filter>02. GameObject\DiveDave\DiveDaveUI\DaggerBox</Filter>
    </ClInclude>
    <ClInclude Include="..\Header\CItemBoxUI.h">
      <Filter>02. GameObject\DiveDave\DiveDaveUI\ItemBox</Filter>
    </ClInclude>
    <ClInclude Include="..\Header\CChangeTab.h">
      <Filter>02. GameObject\DiveDave\DiveDaveUI\ItemBox</Filter>
    </ClInclude>
    <ClInclude Include="..\Header\CRKeyUI.h">
      <Filter>02. GameObject\DiveDave\DiveDaveUI\ItemBox</Filter>
    </ClInclude>
    <ClInclude Include="..\Header\CCKeyUI.h">
      <Filter>02. GameObject\DiveDave\DiveDaveUI\ItemBox</Filter>
    </ClInclude>
    <ClInclude Include="..\Header\CWPBoxUI.h">
      <Filter>02. GameObject\DiveDave\DiveDaveUI\WeaponBox</Filter>
    </ClInclude>
    <ClInclude Include="..\Header\CTabKeyUI.h">
      <Filter>02. GameObject\DiveDave\DiveDaveUI\WeaponBox</Filter>
    </ClInclude>
    <ClInclude Include="..\Header\CSubject.h">
      <Filter>02. GameObject\DiveDave\ObserverPattern</Filter>
    </ClInclude>
    <ClInclude Include="..\Header\IObserver.h">
      <Filter>02. GameObject\DiveDave\ObserverPattern</Filter>
    </ClInclude>
    <ClInclude Include="..\Header\CO2UI.h">
      <Filter>02. GameObject\DiveDave\DiveDaveUI\O2UI</Filter>
    </ClInclude>
    <ClInclude Include="..\Header\CO2StrokeUI.h">
      <Filter>02. GameObject\DiveDave\DiveDaveUI\O2UI</Filter>
    </ClInclude>
    <ClInclude Include="..\Header\CGaugeBarUI.h">
      <Filter>02. GameObject\DiveDave\DiveDaveUI\GaugeBar</Filter>
    </ClInclude>
    <ClInclude Include="..\Header\CO2Text.h">
      <Filter>02. GameObject\DiveDave\DiveDaveUI\O2UI</Filter>
    </ClInclude>
    <ClInclude Include="..\Header\CDepthText.h">
      <Filter>02. GameObject\DiveDave\DiveDaveUI\O2UI</Filter>
    </ClInclude>
    <ClInclude Include="..\Header\CJohn.h">
      <Filter>02. GameObject\John</Filter>
    </ClInclude>
    <ClInclude Include="..\Header\CJohnIdle.h">
      <Filter>02. GameObject\John\Idle</Filter>
    </ClInclude>
    <ClInclude Include="..\Header\CNode.h">
      <Filter>02. GameObject\John\BT</Filter>
    </ClInclude>
    <ClInclude Include="..\Header\CSelector.h">
      <Filter>02. GameObject\John\BT</Filter>
    </ClInclude>
    <ClInclude Include="..\Header\CActionNode.h">
      <Filter>02. GameObject\John\BT</Filter>
    </ClInclude>
    <ClInclude Include="..\Header\CSequence.h">
      <Filter>02. GameObject\John\BT</Filter>
    </ClInclude>
    <ClInclude Include="..\Header\CJohnChase.h">
      <Filter>02. GameObject\John\Chase</Filter>
    </ClInclude>
    <ClInclude Include="..\Header\CJohnAttackReady.h">
      <Filter>02. GameObject\John\AttackReady</Filter>
    </ClInclude>
    <ClInclude Include="..\Header\CJohnAttackShoot.h">
      <Filter>02. GameObject\John\AttackShoot</Filter>
    </ClInclude>
    <ClInclude Include="..\Header\CBlueTang.h">
      <Filter>02. GameObject\Fish\Species\BlueTang</Filter>
    </ClInclude>
    <ClInclude Include="..\Header\CClownfish.h">
      <Filter>02. GameObject\Fish\Species\Clownfish</Filter>
    </ClInclude>
    <ClInclude Include="..\Header\CYellowTang.h">
      <Filter>02. GameObject\Fish\Species\YellowTang</Filter>
    </ClInclude>
    <ClInclude Include="..\Header\CSmallspottedDart.h">
      <Filter>02. GameObject\Fish\Species\SmallspottedDart</Filter>
    </ClInclude>
    <ClInclude Include="..\Header\CYellowbackFusilier.h">
      <Filter>02. GameObject\Fish\Species\YellowbackFusilier</Filter>
    </ClInclude>
    <ClInclude Include="..\Header\FishInclude.h">
      <Filter>02. GameObject\Fish</Filter>
    </ClInclude>
    <ClInclude Include="..\Header\CFishState.h">
      <Filter>02. GameObject\Fish\State</Filter>
    </ClInclude>
    <ClInclude Include="..\Header\CFishStateMachine.h">
      <Filter>02. GameObject\Fish\State</Filter>
    </ClInclude>
    <ClInclude Include="..\Header\CFishStopState.h">
      <Filter>02. GameObject\Fish\State\Stop</Filter>
    </ClInclude>
    <ClInclude Include="..\Header\CFishSwimState.h">
      <Filter>02. GameObject\Fish\State\Swim</Filter>
    </ClInclude>
    <ClInclude Include="..\Header\CFishHQ.h">
      <Filter>02. GameObject\Fish\HQ</Filter>
    </ClInclude>
    <ClInclude Include="..\Header\CFishGameObject.h">
      <Filter>02. GameObject\Fish\Object</Filter>
    </ClInclude>
    <ClInclude Include="..\Header\CFishAABBCollider.h">
      <Filter>02. GameObject\Fish\Object</Filter>
    </ClInclude>
    <ClInclude Include="..\Header\CFishCluster.h">
      <Filter>02. GameObject\Fish\Cluster</Filter>
    </ClInclude>
    <ClInclude Include="..\Header\CFishManualState.h">
      <Filter>02. GameObject\Fish\State\Manual</Filter>
    </ClInclude>
    <ClInclude Include="..\Header\CTitanTriggerfish.h">
      <Filter>02. GameObject\Fish\Species\TitanTriggerfish</Filter>
    </ClInclude>
    <ClInclude Include="..\Header\CBlobfish.h">
      <Filter>02. GameObject\Fish\Species\Blobfish</Filter>
    </ClInclude>
    <ClInclude Include="..\Header\CGreatSpiderCrab.h">
      <Filter>02. GameObject\Fish\Species\GreatSpiderCrab</Filter>
    </ClInclude>
    <ClInclude Include="..\Header\CHumboldtSquid.h">
      <Filter>02. GameObject\Fish\Species\HumboldSquid</Filter>
    </ClInclude>
    <ClInclude Include="..\Header\CRedLionfish.h">
      <Filter>02. GameObject\Fish\Species\RedLionfish</Filter>
    </ClInclude>
    <ClInclude Include="..\Header\CGreenHumpheadParrotfish.h">
      <Filter>02. GameObject\Fish\Species\GreenHumpheadParrotfish</Filter>
    </ClInclude>
    <ClInclude Include="..\Header\CGiantTrevally.h">
      <Filter>02. GameObject\Fish\Species\GiantTrevally</Filter>
    </ClInclude>
    <ClInclude Include="..\Header\CJuvenileCircularBatFish.h">
      <Filter>02. GameObject\Fish\Species\JuvenileCircularBatFish</Filter>
    </ClInclude>
    <ClInclude Include="..\Header\CDevilScorpionFish.h">
      <Filter>02. GameObject\Fish\Species\DevilScorpionFish</Filter>
    </ClInclude>
    <ClInclude Include="..\Header\CAsianSheepshead.h">
      <Filter>02. GameObject\Fish\Species\AsianSheepshead</Filter>
    </ClInclude>
    <ClInclude Include="..\Header\CGreyTriggerfish.h">
      <Filter>02. GameObject\Fish\Species\GreyTiggerfish</Filter>
    </ClInclude>
    <ClInclude Include="..\Header\CGetItemUI.h">
      <Filter>02. GameObject\Fish\UI\GetItem</Filter>
    </ClInclude>
    <ClInclude Include="..\Header\CGetItemUIImg.h">
      <Filter>02. GameObject\Fish\UI\GetItem</Filter>
    </ClInclude>
    <ClInclude Include="..\Header\CGetItemUIStar.h">
      <Filter>02. GameObject\Fish\UI\GetItem</Filter>
    </ClInclude>
    <ClInclude Include="..\Header\CHoldFishUI.h">
      <Filter>02. GameObject\Fish\UI\HoldFish</Filter>
    </ClInclude>
    <ClInclude Include="..\Header\CHoldFishUIItemArea.h">
      <Filter>02. GameObject\Fish\UI\HoldFish</Filter>
    </ClInclude>
    <ClInclude Include="..\Header\CHoldFishUIItemAreaEdge.h">
      <Filter>02. GameObject\Fish\UI\HoldFish</Filter>
    </ClInclude>
    <ClInclude Include="..\Header\CHoldFishUIImg.h">
      <Filter>02. GameObject\Fish\UI\HoldFish</Filter>
    </ClInclude>
    <ClInclude Include="..\Header\CHoldFishUIDropPanel.h">
      <Filter>02. GameObject\Fish\UI\HoldFish</Filter>
    </ClInclude>
    <ClInclude Include="..\Header\CHoldFishUIItemGroup.h">
      <Filter>02. GameObject\Fish\UI\HoldFish</Filter>
    </ClInclude>
    <ClInclude Include="..\Header\CHoldFishUIDave.h">
      <Filter>02. GameObject\Fish\UI\HoldFish</Filter>
    </ClInclude>
    <ClInclude Include="..\Header\CWasabi.h">
      <Filter>01. Scene\03. Sushi\Wasabi</Filter>
    </ClInclude>
    <ClInclude Include="..\Header\CWasabiObject.h">
      <Filter>01. Scene\03. Sushi\Wasabi</Filter>
    </ClInclude>
    <ClInclude Include="..\Header\CUpgradeImage.h">
      <Filter>01. Scene\03. Sushi\Background</Filter>
    </ClInclude>
    <ClInclude Include="..\Header\CJohnMeleeAttackReady.h">
      <Filter>02. GameObject\John\MeleeAttackReady</Filter>
    </ClInclude>
    <ClInclude Include="..\Header\CJohnMeleeAttack.h">
      <Filter>02. GameObject\John\MeleeAttack</Filter>
    </ClInclude>
    <ClInclude Include="..\Header\CJohnIntro.h">
      <Filter>02. GameObject\John\Intro</Filter>
    </ClInclude>
    <ClInclude Include="..\Header\CJohnGuidedBullet.h">
      <Filter>02. GameObject\John\Bullet</Filter>
    </ClInclude>
    <ClInclude Include="..\Header\CJohnNoStart.h">
      <Filter>02. GameObject\John\NoStart</Filter>
    </ClInclude>
    <ClInclude Include="..\Header\CJohnHit.h">
      <Filter>02. GameObject\John\Hit</Filter>
    </ClInclude>
    <ClInclude Include="..\Header\CJohnBattleAngry.h">
      <Filter>02. GameObject\John\BattleAngry</Filter>
    </ClInclude>
    <ClInclude Include="..\Header\CJohnMine.h">
      <Filter>02. GameObject\John\Bullet</Filter>
    </ClInclude>
    <ClInclude Include="..\Header\CJohn2.h">
      <Filter>02. GameObject\John2</Filter>
    </ClInclude>
    <ClInclude Include="..\Header\CJohn2Idle.h">
      <Filter>02. GameObject\John2\Idle</Filter>
    </ClInclude>
    <ClInclude Include="..\Header\CJohn2NoStart.h">
      <Filter>02. GameObject\John2\NoStart</Filter>
    </ClInclude>
    <ClInclude Include="..\Header\CJohn2Intro.h">
      <Filter>02. GameObject\John2\Intro</Filter>
    </ClInclude>
    <ClInclude Include="..\Header\CJohnDie.h">
      <Filter>02. GameObject\John\Die</Filter>
    </ClInclude>
    <ClInclude Include="..\Header\CJohn2AttackReady.h">
      <Filter>02. GameObject\John2\AttackReady</Filter>
    </ClInclude>
    <ClInclude Include="..\Header\CJohn2Chase.h">
      <Filter>02. GameObject\John2\Chase</Filter>
    </ClInclude>
    <ClInclude Include="..\Header\CJohn2AttackShoot.h">
      <Filter>02. GameObject\John2\AttackShoot</Filter>
    </ClInclude>
    <ClInclude Include="..\Header\CGunSkill02Aim.h">
      <Filter>02. GameObject\John2\GunSkill02_Aim</Filter>
    </ClInclude>
    <ClInclude Include="..\Header\CJohnBullet.h">
      <Filter>02. GameObject\John\Bullet</Filter>
    </ClInclude>
    <ClInclude Include="..\Header\CJohn2MeleeAttackReady.h">
      <Filter>02. GameObject\John2\MeleeAttackReady</Filter>
    </ClInclude>
    <ClInclude Include="..\Header\CJohn2MeleeAttack.h">
      <Filter>02. GameObject\John2\MeleeAttack</Filter>
    </ClInclude>
    <ClInclude Include="..\Header\CJohn2MeleeAttackReturn.h">
      <Filter>02. GameObject\John2\MeleeAttackReturn</Filter>
    </ClInclude>
    <ClInclude Include="..\Header\CDiveDaveSubMarine.h">
      <Filter>02. GameObject\DiveDave\State\SubMarine</Filter>
    </ClInclude>
    <ClInclude Include="..\Header\CBackToShipUI.h">
      <Filter>02. GameObject\BackToShipUI</Filter>
    </ClInclude>
    <ClInclude Include="..\Header\CDaveConversation.h">
      <Filter>02. GameObject\Conversation</Filter>
    </ClInclude>
    <ClInclude Include="..\Header\CLeah.h">
      <Filter>02. GameObject\Transition</Filter>
    </ClInclude>
    <ClInclude Include="..\Header\CDiveResultUI.h">
      <Filter>02. GameObject\DiveResult\Result</Filter>
    </ClInclude>
    <ClInclude Include="..\Header\CDiveResultUIImg.h">
      <Filter>02. GameObject\DiveResult\Result</Filter>
    </ClInclude>
    <ClInclude Include="..\Header\CGoToSushiUI.h">
      <Filter>02. GameObject\DiveResult\GoToSushi</Filter>
    </ClInclude>
    <ClInclude Include="..\Header\CToSushiUI.h">
      <Filter>02. GameObject\DiveResult\ToSushi</Filter>
    </ClInclude>
    <ClInclude Include="..\Header\CToSushiUIItem.h">
      <Filter>02. GameObject\DiveResult\ToSushi</Filter>
    </ClInclude>
    <ClInclude Include="..\Header\CBanchoGood.h">
      <Filter>02. GameObject\DiveResult\BanchoGood</Filter>
    </ClInclude>
    <ClInclude Include="..\Header\CTea.h">
      <Filter>01. Scene\03. Sushi\Tea</Filter>
    </ClInclude>
    <ClInclude Include="..\Header\CTeaBubble.h">
      <Filter>01. Scene\03. Sushi\Customers</Filter>
    </ClInclude>
    <ClInclude Include="..\Header\CO2TxT.h">
      <Filter>02. GameObject\DiveDave\DiveDaveUI\O2UI</Filter>
    </ClInclude>
    <ClInclude Include="..\Header\CWeightIcon.h">
      <Filter>02. GameObject\DiveDave\DiveDaveUI\O2UI</Filter>
    </ClInclude>
    <ClInclude Include="..\Header\CWeightText.h">
      <Filter>02. GameObject\DiveDave\DiveDaveUI\O2UI</Filter>
    </ClInclude>
    <ClInclude Include="..\Header\COverloadedIcon.h">
      <Filter>02. GameObject\DiveDave\DiveDaveUI\OverloadedIcon</Filter>
    </ClInclude>
    <ClInclude Include="..\Header\CDiveDaveInitStart.h">
      <Filter>02. GameObject\DiveDave\State\InitStart</Filter>
    </ClInclude>
    <ClInclude Include="..\Header\CItemTripleAxel.h">
      <Filter>02. GameObject\Dive_Item\Item_TripleAxel</Filter>
    </ClInclude>
    <ClInclude Include="..\Header\CItemPentaAxel.h">
      <Filter>02. GameObject\Dive_Item\Item_PentaAxel</Filter>
    </ClInclude>
    <ClInclude Include="..\Header\CShipUIGoSushiBtn.h">
      <Filter>02. GameObject\00. Ship\UI</Filter>
    </ClInclude>
    <ClInclude Include="..\Header\CDiveItemDescUI.h">
      <Filter>02. GameObject\DiveItemDescUI</Filter>
    </ClInclude>
    <ClInclude Include="..\Header\CDiveGetWeaponUI.h">
      <Filter>02. GameObject\DiveGetWeaponUI</Filter>
    </ClInclude>
    <ClInclude Include="..\Header\CDiveGetWeaponUIImg.h">
      <Filter>02. GameObject\DiveGetWeaponUI</Filter>
    </ClInclude>
    <ClInclude Include="..\Header\CCommonItemWood.h">
      <Filter>02. GameObject\Dive_Item\CommonItem_Wood</Filter>
    </ClInclude>
    <ClInclude Include="..\Header\CSmallMenu.h">
      <Filter>01. Scene\03. Sushi\Background</Filter>
    </ClInclude>
    <ClInclude Include="..\Header\CBanchoR.h">
      <Filter>01. Scene\03. Sushi\UI\SushiIcon\SushiPicture</Filter>
    </ClInclude>
    <ClInclude Include="..\Header\CHeadP.h">
      <Filter>01. Scene\03. Sushi\UI\SushiIcon\FishPicture</Filter>
    </ClInclude>
    <ClInclude Include="..\Header\CCommonItemWoodPlate.h">
      <Filter>02. GameObject\Dive_Item\CommonItem_WoodPlate</Filter>
    </ClInclude>
    <ClInclude Include="..\Header\CCommonItemWatch.h">
      <Filter>02. GameObject\Dive_Item\CommonItem_Watch</Filter>
    </ClInclude>
    <ClInclude Include="..\Header\CCommonItemBone.h">
      <Filter>02. GameObject\Dive_Item\CommonItem_Bone</Filter>
    </ClInclude>
    <ClInclude Include="..\Header\CCommonItemDeepseaCoral.h">
      <Filter>02. GameObject\Dive_Item\CommonItem_DeepSeaCoral</Filter>
    </ClInclude>
    <ClInclude Include="..\Header\CCommonItemFragment.h">
      <Filter>02. GameObject\Dive_Item\CommonItem_Fragment</Filter>
    </ClInclude>
    <ClInclude Include="..\Header\CCommonItemThurible.h">
      <Filter>02. GameObject\Dive_Item\CommonItem_Thurible</Filter>
    </ClInclude>
    <ClInclude Include="..\Header\CCommonItemRope.h">
      <Filter>02. GameObject\Dive_Item\CommonItem_Rope</Filter>
    </ClInclude>
    <ClInclude Include="..\Header\CCommonItemRuby.h">
      <Filter>02. GameObject\Dive_Item\CommonItem_Ruby</Filter>
    </ClInclude>
    <ClInclude Include="..\Header\CCommonItemUmb.h">
      <Filter>02. GameObject\Dive_Item\CommonItem_Umb</Filter>
    </ClInclude>
    <ClInclude Include="..\Header\CStockMarket.h">
      <Filter>02. GameObject\00. Ship\Phone\App\StockMarket</Filter>
    </ClInclude>
    <ClInclude Include="..\Header\CWPAmmoCntText.h">
      <Filter>02. GameObject\DiveDave\DiveDaveUI\WeaponBox</Filter>
    </ClInclude>
    <ClInclude Include="..\Header\CAmmoPack.h">
      <Filter>02. GameObject\Dive_Item\Item_AmmoPack</Filter>
    </ClInclude>
    <ClInclude Include="..\Header\CJohnConversation.h">
      <Filter>02. GameObject\Conversation</Filter>
    </ClInclude>
    <ClInclude Include="..\Header\CSpaceKeyUI.h">
      <Filter>02. GameObject\DiveDave\DiveDaveUI\GaugeBar</Filter>
    </ClInclude>
    <ClInclude Include="..\Header\CJohn2Hit.h">
      <Filter>02. GameObject\John2\Hit</Filter>
    </ClInclude>
    <ClInclude Include="..\Header\CJohn2Die.h">
      <Filter>02. GameObject\John2\Die</Filter>
    </ClInclude>
    <ClInclude Include="..\Header\CJohn2Panties.h">
      <Filter>02. GameObject\John2\Panties</Filter>
    </ClInclude>
    <ClInclude Include="..\Header\CJohn2Explosion.h">
      <Filter>02. GameObject\John2\Explosion</Filter>
    </ClInclude>
    <ClInclude Include="..\Header\CJohn2PantiesSwim.h">
      <Filter>02. GameObject\John2\Panties_Swim</Filter>
    </ClInclude>
    <ClInclude Include="..\Header\CJohn2Slicable.h">
      <Filter>02. GameObject\John2\Slicable</Filter>
    </ClInclude>
    <ClInclude Include="..\Header\CEnding.h">
      <Filter>01. Scene\05. Ending</Filter>
    </ClInclude>
    <ClInclude Include="..\Header\CFinalConversation.h">
      <Filter>01. Scene\05. Ending\GameObject</Filter>
    </ClInclude>
    <ClInclude Include="..\Header\CFishTankCollider.h">
      <Filter>02. GameObject\Fish\FishTankCollider</Filter>
    </ClInclude>
    <ClInclude Include="..\Header\CEndingBG.h">
      <Filter>01. Scene\05. Ending\Background</Filter>
    </ClInclude>
    <ClInclude Include="..\Header\CDaveGoldBall.h">
      <Filter>02. GameObject\DiveDave\DaveGoldBall</Filter>
    </ClInclude>
  </ItemGroup>
  <ItemGroup>
    <ClCompile Include="Client.cpp">
      <Filter>소스 파일</Filter>
    </ClCompile>
    <ClCompile Include="..\Code\CMainApp.cpp">
      <Filter>00. MainApp</Filter>
    </ClCompile>
    <ClCompile Include="pch.cpp">
      <Filter>소스 파일</Filter>
    </ClCompile>
    <ClCompile Include="..\Code\CTransition.cpp">
      <Filter>01. Scene\00. Transition</Filter>
    </ClCompile>
    <ClCompile Include="..\Code\CLogo.cpp">
      <Filter>01. Scene\01. Logo</Filter>
    </ClCompile>
    <ClCompile Include="..\Code\CShip.cpp">
      <Filter>01. Scene\04. Ship</Filter>
    </ClCompile>
    <ClCompile Include="..\Code\CSushi.cpp">
      <Filter>01. Scene\03. Sushi</Filter>
    </ClCompile>
    <ClCompile Include="..\Code\CDive.cpp">
      <Filter>01. Scene\02. Dive</Filter>
    </ClCompile>
    <ClCompile Include="..\Code\CBackground.cpp">
      <Filter>01. Scene\03. Sushi\Background</Filter>
    </ClCompile>
    <ClCompile Include="..\Code\CSakura.cpp">
      <Filter>01. Scene\03. Sushi\Background</Filter>
    </ClCompile>
    <ClCompile Include="..\Code\CSushiCamera.cpp">
      <Filter>01. Scene\03. Sushi\Camera</Filter>
    </ClCompile>
    <ClCompile Include="..\Code\CRoof.cpp">
      <Filter>01. Scene\03. Sushi\Background</Filter>
    </ClCompile>
    <ClCompile Include="..\Code\CFence.cpp">
      <Filter>01. Scene\03. Sushi\Background</Filter>
    </ClCompile>
    <ClCompile Include="..\Code\CSushiLight.cpp">
      <Filter>01. Scene\03. Sushi\Background</Filter>
    </ClCompile>
    <ClCompile Include="..\Code\CWood.cpp">
      <Filter>01. Scene\03. Sushi\Background</Filter>
    </ClCompile>
    <ClCompile Include="..\Code\CTable.cpp">
      <Filter>01. Scene\03. Sushi\Background</Filter>
    </ClCompile>
    <ClCompile Include="..\Code\CHood.cpp">
      <Filter>01. Scene\03. Sushi\Background</Filter>
    </ClCompile>
    <ClCompile Include="..\Code\CMenu.cpp">
      <Filter>01. Scene\03. Sushi\Background</Filter>
    </ClCompile>
    <ClCompile Include="..\Code\CFishTank.cpp">
      <Filter>01. Scene\03. Sushi\Background</Filter>
    </ClCompile>
    <ClCompile Include="..\Code\CPatternFrame.cpp">
      <Filter>01. Scene\03. Sushi\Background</Filter>
    </ClCompile>
    <ClCompile Include="..\Code\CSign.cpp">
      <Filter>01. Scene\03. Sushi\Background</Filter>
    </ClCompile>
    <ClCompile Include="..\Code\CChair.cpp">
      <Filter>01. Scene\03. Sushi\Background</Filter>
    </ClCompile>
    <ClCompile Include="..\Code\COpen.cpp">
      <Filter>01. Scene\03. Sushi\Background</Filter>
    </ClCompile>
    <ClCompile Include="..\Code\CKitchen.cpp">
      <Filter>01. Scene\03. Sushi\Background</Filter>
    </ClCompile>
    <ClCompile Include="..\Code\CSpeaker.cpp">
      <Filter>01. Scene\03. Sushi\Background</Filter>
    </ClCompile>
    <ClCompile Include="..\Code\CShipDave.cpp">
      <Filter>02. GameObject\00. Ship\00. ShipDave</Filter>
    </ClCompile>
    <ClCompile Include="..\Code\CShipBoat.cpp">
      <Filter>02. GameObject\00. Ship\01. Boat</Filter>
    </ClCompile>
    <ClCompile Include="..\Code\CShipPhone.cpp">
      <Filter>02. GameObject\00. Ship\Phone\03. ShipPhone</Filter>
    </ClCompile>
    <ClCompile Include="..\Code\CShipPhoneIcon.cpp">
      <Filter>02. GameObject\00. Ship\04. ShipPhoneIcon</Filter>
    </ClCompile>
    <ClCompile Include="..\Code\CShipPhoneApp.cpp">
      <Filter>02. GameObject\00. Ship\Phone\App\05. ShipPhoneApp</Filter>
    </ClCompile>
    <ClCompile Include="..\Code\CBancho.cpp">
      <Filter>01. Scene\03. Sushi\Bancho</Filter>
    </ClCompile>
    <ClCompile Include="..\Code\CSushiDave.cpp">
      <Filter>01. Scene\03. Sushi\Dave</Filter>
    </ClCompile>
    <ClCompile Include="..\Code\CDiveDave.cpp">
      <Filter>02. GameObject\DiveDave</Filter>
    </ClCompile>
    <ClCompile Include="..\Code\CDiveDaveIdle.cpp">
      <Filter>02. GameObject\DiveDave\State\Idle</Filter>
    </ClCompile>
    <ClCompile Include="..\Code\CBaseState.cpp">
      <Filter>BaseState</Filter>
    </ClCompile>
    <ClCompile Include="..\Code\CDiveDaveMove.cpp">
      <Filter>02. GameObject\DiveDave\State\Move</Filter>
    </ClCompile>
    <ClCompile Include="..\Code\CDiveDaveAttack.cpp">
      <Filter>02. GameObject\DiveDave\State\Attack</Filter>
    </ClCompile>
    <ClCompile Include="..\Code\CAttackReadyArm.cpp">
      <Filter>02. GameObject\DiveDave\State\Attack\AttackReadyArm</Filter>
    </ClCompile>
    <ClCompile Include="..\Code\CDiveDaveCam.cpp">
      <Filter>02. GameObject\DiveDave\DiveDaveCam</Filter>
    </ClCompile>
    <ClCompile Include="..\Code\CTargetCurveStart.cpp">
      <Filter>02. GameObject\DiveDave\State\Attack\TargetEffect</Filter>
    </ClCompile>
    <ClCompile Include="..\Code\CTargetArrow.cpp">
      <Filter>02. GameObject\DiveDave\State\Attack\TargetEffect</Filter>
    </ClCompile>
    <ClCompile Include="..\Code\CHarpoon.cpp">
      <Filter>02. GameObject\DiveDave\Harpoon</Filter>
    </ClCompile>
    <ClCompile Include="..\Code\CHarpoonProjectile.cpp">
      <Filter>02. GameObject\DiveDave\Harpoon\Projectile</Filter>
    </ClCompile>
    <ClCompile Include="..\Code\CAttackSubState.cpp">
      <Filter>02. GameObject\DiveDave\State\Attack\AttackSubState</Filter>
    </ClCompile>
    <ClCompile Include="..\Code\CAttackSubReady.cpp">
      <Filter>02. GameObject\DiveDave\State\Attack\AttackSubState\Ready</Filter>
    </ClCompile>
    <ClCompile Include="..\Code\CAttackSubFire.cpp">
      <Filter>02. GameObject\DiveDave\State\Attack\AttackSubState\Fire</Filter>
    </ClCompile>
    <ClCompile Include="..\Code\CAttackSubFail.cpp">
      <Filter>02. GameObject\DiveDave\State\Attack\AttackSubState\Fail</Filter>
    </ClCompile>
    <ClCompile Include="..\Code\CAttackSubFight.cpp">
      <Filter>02. GameObject\DiveDave\State\Attack\AttackSubState\Fight</Filter>
    </ClCompile>
    <ClCompile Include="..\Code\CProjectileReady.cpp">
      <Filter>02. GameObject\DiveDave\Harpoon\Projectile\ProjectileState\Ready</Filter>
    </ClCompile>
    <ClCompile Include="..\Code\CProjectileFire.cpp">
      <Filter>02. GameObject\DiveDave\Harpoon\Projectile\ProjectileState\Fire</Filter>
    </ClCompile>
    <ClCompile Include="..\Code\CProjectileHit.cpp">
      <Filter>02. GameObject\DiveDave\Harpoon\Projectile\ProjectileState\Hit</Filter>
    </ClCompile>
    <ClCompile Include="..\Code\CProjectileReturn.cpp">
      <Filter>02. GameObject\DiveDave\Harpoon\Projectile\ProjectileState\Return</Filter>
    </ClCompile>
    <ClCompile Include="..\Code\CCustomer1.cpp">
      <Filter>01. Scene\03. Sushi\Customers</Filter>
    </ClCompile>
    <ClCompile Include="..\Code\CConfirm.cpp">
      <Filter>01. Scene\03. Sushi\UI</Filter>
    </ClCompile>
    <ClCompile Include="..\Code\CTestAmericanLobster.cpp">
      <Filter>02. GameObject\TestFish\AmericanLobster</Filter>
    </ClCompile>
    <ClCompile Include="..\Code\CTestDancing.cpp">
      <Filter>02. GameObject\TestFish\Dancing</Filter>
    </ClCompile>
    <ClCompile Include="..\Code\CDiveDaveGun.cpp">
      <Filter>02. GameObject\DiveDave\Gun</Filter>
    </ClCompile>
    <ClCompile Include="..\Code\CDiveDaveMeeleAttack.cpp">
      <Filter>02. GameObject\DiveDave\State\Attack</Filter>
    </ClCompile>
    <ClCompile Include="..\Code\CTerrian.cpp">
      <Filter>02. GameObject\02. Terrian</Filter>
    </ClCompile>
    <ClCompile Include="..\Code\CSkyBox.cpp">
      <Filter>02. GameObject\03. SkyBox</Filter>
    </ClCompile>
    <ClCompile Include="..\Code\CBluejongR.cpp">
      <Filter>01. Scene\03. Sushi\UI\SushiIcon\SushiPicture</Filter>
    </ClCompile>
    <ClCompile Include="..\Code\CClownFishR.cpp">
      <Filter>01. Scene\03. Sushi\UI\SushiIcon\SushiPicture</Filter>
    </ClCompile>
    <ClCompile Include="..\Code\CYellowbackR.cpp">
      <Filter>01. Scene\03. Sushi\UI\SushiIcon\SushiPicture</Filter>
    </ClCompile>
    <ClCompile Include="..\Code\CYellowTangR.cpp">
      <Filter>01. Scene\03. Sushi\UI\SushiIcon\SushiPicture</Filter>
    </ClCompile>
    <ClCompile Include="..\Code\CDartR.cpp">
      <Filter>01. Scene\03. Sushi\UI\SushiIcon\SushiPicture</Filter>
    </ClCompile>
    <ClCompile Include="..\Code\CSushiFrame.cpp">
      <Filter>01. Scene\03. Sushi\UI\Frame</Filter>
    </ClCompile>
    <ClCompile Include="..\Code\CMenuFrame.cpp">
      <Filter>01. Scene\03. Sushi\UI\Frame</Filter>
    </ClCompile>
    <ClCompile Include="..\Code\CRecipe.cpp">
      <Filter>01. Scene\03. Sushi\UI\Frame</Filter>
    </ClCompile>
    <ClCompile Include="..\Code\CSushiList.cpp">
      <Filter>01. Scene\03. Sushi\UI\Frame</Filter>
    </ClCompile>
    <ClCompile Include="..\Code\CShipDiverBox.cpp">
      <Filter>02. GameObject\00. Ship\06. ShipDiverBox</Filter>
    </ClCompile>
    <ClCompile Include="..\Code\CDiveDaveBullet.cpp">
      <Filter>02. GameObject\DiveDave\Gun\Bullet</Filter>
    </ClCompile>
    <ClCompile Include="..\Code\CTestFish.cpp">
      <Filter>02. GameObject\DiveDave\TestFish</Filter>
    </ClCompile>
    <ClCompile Include="..\Code\CDiveDaveTanning.cpp">
      <Filter>02. GameObject\DiveDave\State\Tanning</Filter>
    </ClCompile>
    <ClCompile Include="..\Code\CDiveDaveOpen.cpp">
      <Filter>02. GameObject\DiveDave\State\Open</Filter>
    </ClCompile>
    <ClCompile Include="..\Code\CDiveItemBox.cpp">
      <Filter>02. GameObject\Dive_ItemBox</Filter>
    </ClCompile>
    <ClCompile Include="..\Code\CDiveItem.cpp">
      <Filter>02. GameObject\Dive_Item</Filter>
    </ClCompile>
    <ClCompile Include="..\Code\CO2Capsule.cpp">
      <Filter>02. GameObject\Dive_Item\Item_O2Capsule</Filter>
    </ClCompile>
    <ClCompile Include="..\Code\CDiveDavePickUp.cpp">
      <Filter>02. GameObject\DiveDave\State\PickUp</Filter>
    </ClCompile>
    <ClCompile Include="..\Code\CShipPhoneIDiverBG.cpp">
      <Filter>02. GameObject\00. Ship\Phone\App\IDiver\07. ShipPhoneIDiverBG</Filter>
    </ClCompile>
    <ClCompile Include="..\Code\CShipTransformCam.cpp">
      <Filter>02. GameObject\00. Ship\08. ShipTransformCam</Filter>
    </ClCompile>
    <ClCompile Include="..\Code\CShipPhoneIDiverItemImg.cpp">
      <Filter>02. GameObject\00. Ship\Phone\App\IDiver\10. ShipPhoneIDiverItemImg</Filter>
    </ClCompile>
    <ClCompile Include="..\Code\CShipPhoneIDiverSelectEdge.cpp">
      <Filter>02. GameObject\00. Ship\Phone\App\IDiver\11. ShipPhoneIDiverSelectEdge</Filter>
    </ClCompile>
    <ClCompile Include="..\Code\CShipPhoneIDiverUpgrade.cpp">
      <Filter>02. GameObject\00. Ship\Phone\App\IDiver\ShipPhoneIDiverUpgrade</Filter>
    </ClCompile>
    <ClCompile Include="..\Code\CShipBG.cpp">
      <Filter>02. GameObject\00. Ship\BG</Filter>
    </ClCompile>
    <ClCompile Include="..\Code\CShipFakeBG.cpp">
      <Filter>02. GameObject\00. Ship\BG</Filter>
    </ClCompile>
    <ClCompile Include="..\Code\CShipUIDiveBtn.cpp">
      <Filter>02. GameObject\00. Ship\UI</Filter>
    </ClCompile>
    <ClCompile Include="..\Code\CTriggerAABB.cpp">
      <Filter>02. GameObject\00. Ship</Filter>
    </ClCompile>
    <ClCompile Include="..\Code\CShipUIGoBtn.cpp">
      <Filter>02. GameObject\00. Ship\UI</Filter>
    </ClCompile>
    <ClCompile Include="..\Code\CShipUISpaceKey.cpp">
      <Filter>02. GameObject\00. Ship\UI</Filter>
    </ClCompile>
    <ClCompile Include="..\Code\CShipUIMoney.cpp">
      <Filter>02. GameObject\00. Ship\UI</Filter>
    </ClCompile>
    <ClCompile Include="..\Code\CShipDiverBoxDave.cpp">
      <Filter>02. GameObject\00. Ship\02. ShipDiverBoxInventory</Filter>
    </ClCompile>
    <ClCompile Include="..\Code\CShipDiverBoxInventoryEdge.cpp">
      <Filter>02. GameObject\00. Ship\02. ShipDiverBoxInventory</Filter>
    </ClCompile>
    <ClCompile Include="..\Code\CShipDiverBoxInventoryItemArea.cpp">
      <Filter>02. GameObject\00. Ship\02. ShipDiverBoxInventory</Filter>
    </ClCompile>
    <ClCompile Include="..\Code\CShipDiverBoxInventoryItemImg.cpp">
      <Filter>02. GameObject\00. Ship\02. ShipDiverBoxInventory</Filter>
    </ClCompile>
    <ClCompile Include="..\Code\CShipDiverBoxinventoryDesc.cpp">
      <Filter>02. GameObject\00. Ship\02. ShipDiverBoxInventory</Filter>
    </ClCompile>
    <ClCompile Include="..\Code\CShipPhoneIDiverUpgradeSuccess.cpp">
      <Filter>02. GameObject\00. Ship\Phone\App\IDiver\ShipPhoneIDiverUpgradeSuccess</Filter>
    </ClCompile>
    <ClCompile Include="..\Code\CShipPhoneIDiverUpgradeBtn.cpp">
      <Filter>02. GameObject\00. Ship\Phone\App\IDiver\ShipPhoneIDiverUpgrade</Filter>
    </ClCompile>
    <ClCompile Include="..\Code\IDiverInfo.cpp">
      <Filter>02. GameObject\00. Ship\Phone\App\IDiver</Filter>
    </ClCompile>
    <ClCompile Include="..\Code\CShipPhoneIDiverItem.cpp">
      <Filter>02. GameObject\00. Ship\Phone\App\IDiver\09. ShipPhoneIDiverItem</Filter>
    </ClCompile>
    <ClCompile Include="..\Code\CShipPhoneWeaponBG.cpp">
      <Filter>02. GameObject\00. Ship\Phone\App\Weapon</Filter>
    </ClCompile>
    <ClCompile Include="..\Code\CShipPhoneWeaponImg.cpp">
      <Filter>02. GameObject\00. Ship\Phone\App\Weapon</Filter>
    </ClCompile>
    <ClCompile Include="..\Code\CShipPhoneWeaponArea.cpp">
      <Filter>02. GameObject\00. Ship\Phone\App\Weapon</Filter>
    </ClCompile>
    <ClCompile Include="..\Code\CShipPhoneWeaponCreateSuccess.cpp">
      <Filter>02. GameObject\00. Ship\Phone\App\Weapon</Filter>
    </ClCompile>
    <ClCompile Include="..\Code\CBackGroundSea.cpp">
      <Filter>02. GameObject\BackGround</Filter>
    </ClCompile>
    <ClCompile Include="..\Code\CLogoBG.cpp">
      <Filter>02. GameObject\Logo</Filter>
    </ClCompile>
    <ClCompile Include="..\Code\CLogoTitle.cpp">
      <Filter>02. GameObject\Logo</Filter>
    </ClCompile>
    <ClCompile Include="..\Code\CLogoBtnArea.cpp">
      <Filter>02. GameObject\Logo</Filter>
    </ClCompile>
    <ClCompile Include="..\Code\CTransitionBG.cpp">
      <Filter>02. GameObject\Transition</Filter>
    </ClCompile>
    <ClCompile Include="..\Code\CTransitionFade.cpp">
      <Filter>02. GameObject\Transition</Filter>
    </ClCompile>
    <ClCompile Include="..\Code\CTransitionImg.cpp">
      <Filter>02. GameObject\Transition</Filter>
    </ClCompile>
    <ClCompile Include="..\Code\CTransitionTxt.cpp">
      <Filter>02. GameObject\Transition</Filter>
    </ClCompile>
    <ClCompile Include="..\Code\CTransitionFace.cpp">
      <Filter>02. GameObject\Transition</Filter>
    </ClCompile>
    <ClCompile Include="..\Code\CCoral.cpp">
      <Filter>02. GameObject\Coral</Filter>
    </ClCompile>
    <ClCompile Include="..\Code\CFishFrame.cpp">
      <Filter>01. Scene\03. Sushi\UI\Frame</Filter>
    </ClCompile>
    <ClCompile Include="..\Code\CYellowTangP.cpp">
      <Filter>01. Scene\03. Sushi\UI\SushiIcon\FishPicture</Filter>
    </ClCompile>
    <ClCompile Include="..\Code\CYellowbackP.cpp">
      <Filter>01. Scene\03. Sushi\UI\SushiIcon\FishPicture</Filter>
    </ClCompile>
    <ClCompile Include="..\Code\CClownFishP.cpp">
      <Filter>01. Scene\03. Sushi\UI\SushiIcon\FishPicture</Filter>
    </ClCompile>
    <ClCompile Include="..\Code\CDartP.cpp">
      <Filter>01. Scene\03. Sushi\UI\SushiIcon\FishPicture</Filter>
    </ClCompile>
    <ClCompile Include="..\Code\CBluejongP.cpp">
      <Filter>01. Scene\03. Sushi\UI\SushiIcon\FishPicture</Filter>
    </ClCompile>
    <ClCompile Include="..\Code\CDepthP.cpp">
      <Filter>01. Scene\03. Sushi\UI\SushiIcon\FishPicture</Filter>
    </ClCompile>
    <ClCompile Include="..\Code\CAddMenuButton.cpp">
      <Filter>01. Scene\03. Sushi\UI\Button</Filter>
    </ClCompile>
    <ClCompile Include="..\Code\CUpgradeButton.cpp">
      <Filter>01. Scene\03. Sushi\UI\Button</Filter>
    </ClCompile>
    <ClCompile Include="..\Code\COkayButton.cpp">
      <Filter>01. Scene\03. Sushi\UI\Button</Filter>
    </ClCompile>
    <ClCompile Include="..\Code\CFishConfirmFrame.cpp">
      <Filter>01. Scene\03. Sushi\UI\Frame</Filter>
    </ClCompile>
    <ClCompile Include="..\Code\CIncreaseButton.cpp">
      <Filter>01. Scene\03. Sushi\UI\Button</Filter>
    </ClCompile>
    <ClCompile Include="..\Code\CLessButton.cpp">
      <Filter>01. Scene\03. Sushi\UI\Button</Filter>
    </ClCompile>
    <ClCompile Include="..\Code\CCloseButton.cpp">
      <Filter>01. Scene\03. Sushi\UI\Button</Filter>
    </ClCompile>
    <ClCompile Include="..\Code\CMaxButton.cpp">
      <Filter>01. Scene\03. Sushi\UI\Button</Filter>
    </ClCompile>
    <ClCompile Include="..\Code\COverlay.cpp">
      <Filter>01. Scene\03. Sushi\UI</Filter>
    </ClCompile>
    <ClCompile Include="..\Code\CSelectedFrame.cpp">
      <Filter>01. Scene\03. Sushi\UI\Frame</Filter>
    </ClCompile>
    <ClCompile Include="..\Code\CFSM.cpp">
      <Filter>02. GameObject\DiveDave</Filter>
    </ClCompile>
    <ClCompile Include="..\Code\CDiveDaveHit.cpp">
      <Filter>02. GameObject\DiveDave\State\Hit</Filter>
    </ClCompile>
    <ClCompile Include="..\Code\CDiveDaveDie.cpp">
      <Filter>02. GameObject\DiveDave\State\Die</Filter>
    </ClCompile>
    <ClCompile Include="..\Code\CUpgradeFrame.cpp">
      <Filter>01. Scene\03. Sushi\UI\Frame</Filter>
    </ClCompile>
    <ClCompile Include="..\Code\CUpgradeConfirmButton.cpp">
      <Filter>01. Scene\03. Sushi\UI\Button</Filter>
    </ClCompile>
    <ClCompile Include="..\Code\COpenShop.cpp">
      <Filter>01. Scene\03. Sushi\Background</Filter>
    </ClCompile>
    <ClCompile Include="..\Code\CMenuBubble.cpp">
      <Filter>01. Scene\03. Sushi\Customers</Filter>
    </ClCompile>
    <ClCompile Include="..\Code\CDaggerBoxUI.cpp">
      <Filter>02. GameObject\DiveDave\DiveDaveUI\DaggerBox</Filter>
    </ClCompile>
    <ClCompile Include="..\Code\CDaggerThumbnailUI.cpp">
      <Filter>02. GameObject\DiveDave\DiveDaveUI\DaggerBox</Filter>
    </ClCompile>
    <ClCompile Include="..\Code\CDaggerBoxMouseLKeyUI.cpp">
      <Filter>02. GameObject\DiveDave\DiveDaveUI\DaggerBox</Filter>
    </ClCompile>
    <ClCompile Include="..\Code\CItemBoxUI.cpp">
      <Filter>02. GameObject\DiveDave\DiveDaveUI\ItemBox</Filter>
    </ClCompile>
    <ClCompile Include="..\Code\CChangeTab.cpp">
      <Filter>02. GameObject\DiveDave\DiveDaveUI\ItemBox</Filter>
    </ClCompile>
    <ClCompile Include="..\Code\CRKeyUI.cpp">
      <Filter>02. GameObject\DiveDave\DiveDaveUI\ItemBox</Filter>
    </ClCompile>
    <ClCompile Include="..\Code\CCKeyUI.cpp">
      <Filter>02. GameObject\DiveDave\DiveDaveUI\ItemBox</Filter>
    </ClCompile>
    <ClCompile Include="..\Code\CWPBoxUI.cpp">
      <Filter>02. GameObject\DiveDave\DiveDaveUI\WeaponBox</Filter>
    </ClCompile>
    <ClCompile Include="..\Code\CTabKeyUI.cpp">
      <Filter>02. GameObject\DiveDave\DiveDaveUI\WeaponBox</Filter>
    </ClCompile>
    <ClCompile Include="..\Code\CSubject.cpp">
      <Filter>02. GameObject\DiveDave\ObserverPattern</Filter>
    </ClCompile>
    <ClCompile Include="..\Code\IObserver.cpp">
      <Filter>02. GameObject\DiveDave\ObserverPattern</Filter>
    </ClCompile>
    <ClCompile Include="..\Code\CO2UI.cpp">
      <Filter>02. GameObject\DiveDave\DiveDaveUI\O2UI</Filter>
    </ClCompile>
    <ClCompile Include="..\Code\CO2StrokeUI.cpp">
      <Filter>02. GameObject\DiveDave\DiveDaveUI\O2UI</Filter>
    </ClCompile>
    <ClCompile Include="..\Code\CGaugeBarUI.cpp">
      <Filter>02. GameObject\DiveDave\DiveDaveUI\GaugeBar</Filter>
    </ClCompile>
    <ClCompile Include="..\Code\CO2Text.cpp">
      <Filter>02. GameObject\DiveDave\DiveDaveUI\O2UI</Filter>
    </ClCompile>
    <ClCompile Include="..\Code\CDepthText.cpp">
      <Filter>02. GameObject\DiveDave\DiveDaveUI\O2UI</Filter>
    </ClCompile>
    <ClCompile Include="..\Code\CJohn.cpp">
      <Filter>02. GameObject\John</Filter>
    </ClCompile>
    <ClCompile Include="..\Code\CJohnIdle.cpp">
      <Filter>02. GameObject\John\Idle</Filter>
    </ClCompile>
    <ClCompile Include="..\Code\CJohnChase.cpp">
      <Filter>02. GameObject\John\Chase</Filter>
    </ClCompile>
    <ClCompile Include="..\Code\CJohnAttackReady.cpp">
      <Filter>02. GameObject\John\AttackReady</Filter>
    </ClCompile>
    <ClCompile Include="..\Code\CJohnAttackShoot.cpp">
      <Filter>02. GameObject\John\AttackShoot</Filter>
    </ClCompile>
    <ClCompile Include="..\Code\CBlueTang.cpp">
      <Filter>02. GameObject\Fish\Species\BlueTang</Filter>
    </ClCompile>
    <ClCompile Include="..\Code\CClownfish.cpp">
      <Filter>02. GameObject\Fish\Species\Clownfish</Filter>
    </ClCompile>
    <ClCompile Include="..\Code\CYellowTang.cpp">
      <Filter>02. GameObject\Fish\Species\YellowTang</Filter>
    </ClCompile>
    <ClCompile Include="..\Code\CSmallspottedDart.cpp">
      <Filter>02. GameObject\Fish\Species\SmallspottedDart</Filter>
    </ClCompile>
    <ClCompile Include="..\Code\CYellowbackFusilier.cpp">
      <Filter>02. GameObject\Fish\Species\YellowbackFusilier</Filter>
    </ClCompile>
    <ClCompile Include="..\Code\FishInclude.cpp">
      <Filter>02. GameObject\Fish</Filter>
    </ClCompile>
    <ClCompile Include="..\Code\CFishState.cpp">
      <Filter>02. GameObject\Fish\State</Filter>
    </ClCompile>
    <ClCompile Include="..\Code\CFishStateMachine.cpp">
      <Filter>02. GameObject\Fish\State</Filter>
    </ClCompile>
    <ClCompile Include="..\Code\CFishStopState.cpp">
      <Filter>02. GameObject\Fish\State\Stop</Filter>
    </ClCompile>
    <ClCompile Include="..\Code\CFishSwimState.cpp">
      <Filter>02. GameObject\Fish\State\Swim</Filter>
    </ClCompile>
    <ClCompile Include="..\Code\CFishHQ.cpp">
      <Filter>02. GameObject\Fish\HQ</Filter>
    </ClCompile>
    <ClCompile Include="..\Code\CFishGameObject.cpp">
      <Filter>02. GameObject\Fish\Object</Filter>
    </ClCompile>
    <ClCompile Include="..\Code\CFishAABBCollider.cpp">
      <Filter>02. GameObject\Fish\Object</Filter>
    </ClCompile>
    <ClCompile Include="..\Code\CFishCluster.cpp">
      <Filter>02. GameObject\Fish\Cluster</Filter>
    </ClCompile>
    <ClCompile Include="..\Code\CFishManualState.cpp">
      <Filter>02. GameObject\Fish\State\Manual</Filter>
    </ClCompile>
    <ClCompile Include="..\Code\CTitanTriggerfish.cpp">
      <Filter>02. GameObject\Fish\Species\TitanTriggerfish</Filter>
    </ClCompile>
    <ClCompile Include="..\Code\CBlobfish.cpp">
      <Filter>02. GameObject\Fish\Species\Blobfish</Filter>
    </ClCompile>
    <ClCompile Include="..\Code\CGreatSpiderCrab.cpp">
      <Filter>02. GameObject\Fish\Species\GreatSpiderCrab</Filter>
    </ClCompile>
    <ClCompile Include="..\Code\CHumboldtSquid.cpp">
      <Filter>02. GameObject\Fish\Species\HumboldSquid</Filter>
    </ClCompile>
    <ClCompile Include="..\Code\CRedLionfish.cpp">
      <Filter>02. GameObject\Fish\Species\RedLionfish</Filter>
    </ClCompile>
    <ClCompile Include="..\Code\CGreenHumpheadParrotfish.cpp">
      <Filter>02. GameObject\Fish\Species\GreenHumpheadParrotfish</Filter>
    </ClCompile>
    <ClCompile Include="..\Code\CGiantTrevally.cpp">
      <Filter>02. GameObject\Fish\Species\GiantTrevally</Filter>
    </ClCompile>
    <ClCompile Include="..\Code\CJuvenileCircularBatFish.cpp">
      <Filter>02. GameObject\Fish\Species\JuvenileCircularBatFish</Filter>
    </ClCompile>
    <ClCompile Include="..\Code\CDevilScorpionFish.cpp">
      <Filter>02. GameObject\Fish\Species\DevilScorpionFish</Filter>
    </ClCompile>
    <ClCompile Include="..\Code\CAsianSheepshead.cpp">
      <Filter>02. GameObject\Fish\Species\AsianSheepshead</Filter>
    </ClCompile>
    <ClCompile Include="..\Code\CGreyTriggerfish.cpp">
      <Filter>02. GameObject\Fish\Species\GreyTiggerfish</Filter>
    </ClCompile>
    <ClCompile Include="..\Code\CGetItemUI.cpp">
      <Filter>02. GameObject\Fish\UI\GetItem</Filter>
    </ClCompile>
    <ClCompile Include="..\Code\CGetItemUIImg.cpp">
      <Filter>02. GameObject\Fish\UI\GetItem</Filter>
    </ClCompile>
    <ClCompile Include="..\Code\CGetItemUIStar.cpp">
      <Filter>02. GameObject\Fish\UI\GetItem</Filter>
    </ClCompile>
    <ClCompile Include="..\Code\CHoldFishUI.cpp">
      <Filter>02. GameObject\Fish\UI\HoldFish</Filter>
    </ClCompile>
    <ClCompile Include="..\Code\CHoldFishUIItemArea.cpp">
      <Filter>02. GameObject\Fish\UI\HoldFish</Filter>
    </ClCompile>
    <ClCompile Include="..\Code\CHoldFishUIItemAreaEdge.cpp">
      <Filter>02. GameObject\Fish\UI\HoldFish</Filter>
    </ClCompile>
    <ClCompile Include="..\Code\CHoldFishUIImg.cpp">
      <Filter>02. GameObject\Fish\UI\HoldFish</Filter>
    </ClCompile>
    <ClCompile Include="..\Code\CHoldFishUIDropPanel.cpp">
      <Filter>02. GameObject\Fish\UI\HoldFish</Filter>
    </ClCompile>
    <ClCompile Include="..\Code\CHoldFishUIItemGroup.cpp">
      <Filter>02. GameObject\Fish\UI\HoldFish</Filter>
    </ClCompile>
    <ClCompile Include="..\Code\CHoldFishUIDave.cpp">
      <Filter>02. GameObject\Fish\UI\HoldFish</Filter>
    </ClCompile>
    <ClCompile Include="..\Code\CWasabi.cpp">
      <Filter>01. Scene\03. Sushi\Wasabi</Filter>
    </ClCompile>
    <ClCompile Include="..\Code\CWasabiObject.cpp">
      <Filter>01. Scene\03. Sushi\Wasabi</Filter>
    </ClCompile>
    <ClCompile Include="..\Code\CUpgradeImage.cpp">
      <Filter>01. Scene\03. Sushi\Background</Filter>
    </ClCompile>
    <ClCompile Include="..\Code\CJohnMeleeAttackReady.cpp">
      <Filter>02. GameObject\John\MeleeAttackReady</Filter>
    </ClCompile>
    <ClCompile Include="..\Code\CJohnMeleeAttack.cpp">
      <Filter>02. GameObject\John\MeleeAttack</Filter>
    </ClCompile>
    <ClCompile Include="..\Code\CJohnIntro.cpp">
      <Filter>02. GameObject\John\Intro</Filter>
    </ClCompile>
    <ClCompile Include="..\Code\CJohnGuidedBullet.cpp">
      <Filter>02. GameObject\John\Bullet</Filter>
    </ClCompile>
    <ClCompile Include="..\Code\CJohnNoStart.cpp">
      <Filter>02. GameObject\John\NoStart</Filter>
    </ClCompile>
    <ClCompile Include="..\Code\CJohnHit.cpp">
      <Filter>02. GameObject\John\Hit</Filter>
    </ClCompile>
    <ClCompile Include="..\Code\CJohnBattleAngry.cpp">
      <Filter>02. GameObject\John\BattleAngry</Filter>
    </ClCompile>
    <ClCompile Include="..\Code\CJohnMine.cpp">
      <Filter>02. GameObject\John\Bullet</Filter>
    </ClCompile>
    <ClCompile Include="..\Code\CJohn2.cpp">
      <Filter>02. GameObject\John2</Filter>
    </ClCompile>
    <ClCompile Include="..\Code\CJohn2Idle.cpp">
      <Filter>02. GameObject\John2\Idle</Filter>
    </ClCompile>
    <ClCompile Include="..\Code\CJohn2NoStart.cpp">
      <Filter>02. GameObject\John2\NoStart</Filter>
    </ClCompile>
    <ClCompile Include="..\Code\CJohn2Intro.cpp">
      <Filter>02. GameObject\John2\Intro</Filter>
    </ClCompile>
    <ClCompile Include="..\Code\CJohnDie.cpp">
      <Filter>02. GameObject\John\Die</Filter>
    </ClCompile>
    <ClCompile Include="..\Code\CJohn2AttackReady.cpp">
      <Filter>02. GameObject\John2\AttackReady</Filter>
    </ClCompile>
    <ClCompile Include="..\Code\CJohn2Chase.cpp">
      <Filter>02. GameObject\John2\Chase</Filter>
    </ClCompile>
    <ClCompile Include="..\Code\CJohn2AttackShoot.cpp">
      <Filter>02. GameObject\John2\AttackShoot</Filter>
    </ClCompile>
    <ClCompile Include="..\Code\CGunSkill02Aim.cpp">
      <Filter>02. GameObject\John2\GunSkill02_Aim</Filter>
    </ClCompile>
    <ClCompile Include="..\Code\CJohnBullet.cpp">
      <Filter>02. GameObject\John\Bullet</Filter>
    </ClCompile>
    <ClCompile Include="..\Code\CJohn2MeleeAttackReady.cpp">
      <Filter>02. GameObject\John2\MeleeAttackReady</Filter>
    </ClCompile>
    <ClCompile Include="..\Code\CJohn2MeleeAttack.cpp">
      <Filter>02. GameObject\John2\MeleeAttack</Filter>
    </ClCompile>
    <ClCompile Include="..\Code\CJohn2MeleeAttackReturn.cpp">
      <Filter>02. GameObject\John2\MeleeAttackReturn</Filter>
    </ClCompile>
    <ClCompile Include="..\Code\CDiveDaveSubMarine.cpp">
      <Filter>02. GameObject\DiveDave\State\SubMarine</Filter>
    </ClCompile>
    <ClCompile Include="..\Code\CShipDiverBoxInventory.cpp">
      <Filter>02. GameObject\00. Ship\02. ShipDiverBoxInventory</Filter>
    </ClCompile>
    <ClCompile Include="..\Code\CBackToShipUI.cpp">
      <Filter>02. GameObject\BackToShipUI</Filter>
    </ClCompile>
    <ClCompile Include="..\Code\CDaveConversation.cpp">
      <Filter>02. GameObject\Conversation</Filter>
    </ClCompile>
    <ClCompile Include="..\Code\CLeah.cpp">
      <Filter>02. GameObject\Transition</Filter>
    </ClCompile>
    <ClCompile Include="..\Code\CDiveResultUI.cpp">
      <Filter>02. GameObject\DiveResult\Result</Filter>
    </ClCompile>
    <ClCompile Include="..\Code\CDiveResultUIImg.cpp">
      <Filter>02. GameObject\DiveResult\Result</Filter>
    </ClCompile>
    <ClCompile Include="..\Code\CGoToSushiUI.cpp">
      <Filter>02. GameObject\DiveResult\GoToSushi</Filter>
    </ClCompile>
    <ClCompile Include="..\Code\CToSushiUI.cpp">
      <Filter>02. GameObject\DiveResult\ToSushi</Filter>
    </ClCompile>
    <ClCompile Include="..\Code\CToSushiUIItem.cpp">
      <Filter>02. GameObject\DiveResult\ToSushi</Filter>
    </ClCompile>
    <ClCompile Include="..\Code\CBanchoGood.cpp">
      <Filter>02. GameObject\DiveResult\BanchoGood</Filter>
    </ClCompile>
    <ClCompile Include="..\Code\CTea.cpp">
      <Filter>01. Scene\03. Sushi\Tea</Filter>
    </ClCompile>
    <ClCompile Include="..\Code\CTeaBubble.cpp">
      <Filter>01. Scene\03. Sushi\Customers</Filter>
    </ClCompile>
    <ClCompile Include="..\Code\CO2TxT.cpp">
      <Filter>02. GameObject\DiveDave\DiveDaveUI\O2UI</Filter>
    </ClCompile>
    <ClCompile Include="..\Code\CWeightIcon.cpp">
      <Filter>02. GameObject\DiveDave\DiveDaveUI\O2UI</Filter>
    </ClCompile>
    <ClCompile Include="..\Code\CWeightText.cpp">
      <Filter>02. GameObject\DiveDave\DiveDaveUI\O2UI</Filter>
    </ClCompile>
    <ClCompile Include="..\Code\COverloadedIcon.cpp">
      <Filter>02. GameObject\DiveDave\DiveDaveUI\OverloadedIcon</Filter>
    </ClCompile>
    <ClCompile Include="..\Code\CDiveDaveInitStart.cpp">
      <Filter>02. GameObject\DiveDave\State\InitStart</Filter>
    </ClCompile>
    <ClCompile Include="..\Code\CItemTripleAxel.cpp">
      <Filter>02. GameObject\Dive_Item\Item_TripleAxel</Filter>
    </ClCompile>
    <ClCompile Include="..\Code\CItemPentaAxel.cpp">
      <Filter>02. GameObject\Dive_Item\Item_PentaAxel</Filter>
    </ClCompile>
    <ClCompile Include="..\Code\CShipUIGoSushiBtn.cpp">
      <Filter>02. GameObject\00. Ship\UI</Filter>
    </ClCompile>
    <ClCompile Include="..\Code\CDiveItemDescUI.cpp">
      <Filter>02. GameObject\DiveItemDescUI</Filter>
    </ClCompile>
    <ClCompile Include="..\Code\CDiveGetWeaponUI.cpp">
      <Filter>02. GameObject\DiveGetWeaponUI</Filter>
    </ClCompile>
    <ClCompile Include="..\Code\CDiveGetWeaponUIImg.cpp">
      <Filter>02. GameObject\DiveGetWeaponUI</Filter>
    </ClCompile>
    <ClCompile Include="..\Code\CCommonItemWood.cpp">
      <Filter>02. GameObject\Dive_Item\CommonItem_Wood</Filter>
    </ClCompile>
    <ClCompile Include="..\Code\CSmallMenu.cpp">
      <Filter>01. Scene\03. Sushi\Background</Filter>
    </ClCompile>
    <ClCompile Include="..\Code\CBanchoR.cpp">
      <Filter>01. Scene\03. Sushi\UI\SushiIcon\SushiPicture</Filter>
    </ClCompile>
    <ClCompile Include="..\Code\CHeadP.cpp">
      <Filter>01. Scene\03. Sushi\UI\SushiIcon\FishPicture</Filter>
    </ClCompile>
    <ClCompile Include="..\Code\CCommonItemWoodPlate.cpp">
      <Filter>02. GameObject\Dive_Item\CommonItem_WoodPlate</Filter>
    </ClCompile>
    <ClCompile Include="..\Code\CCommonItemWatch.cpp">
      <Filter>02. GameObject\Dive_Item\CommonItem_Watch</Filter>
    </ClCompile>
    <ClCompile Include="..\Code\CCommonItemBone.cpp">
      <Filter>02. GameObject\Dive_Item\CommonItem_Bone</Filter>
    </ClCompile>
    <ClCompile Include="..\Code\CCommonItemDeepseaCoral.cpp">
      <Filter>02. GameObject\Dive_Item\CommonItem_DeepSeaCoral</Filter>
    </ClCompile>
    <ClCompile Include="..\Code\CCommonItemFragment.cpp">
      <Filter>02. GameObject\Dive_Item\CommonItem_Fragment</Filter>
    </ClCompile>
    <ClCompile Include="..\Code\CCommonItemThurible.cpp">
      <Filter>02. GameObject\Dive_Item\CommonItem_Thurible</Filter>
    </ClCompile>
    <ClCompile Include="..\Code\CCommonItemRope.cpp">
      <Filter>02. GameObject\Dive_Item\CommonItem_Rope</Filter>
    </ClCompile>
    <ClCompile Include="..\Code\CCommonItemRuby.cpp">
      <Filter>02. GameObject\Dive_Item\CommonItem_Ruby</Filter>
    </ClCompile>
    <ClCompile Include="..\Code\CCommonItemUmb.cpp">
      <Filter>02. GameObject\Dive_Item\CommonItem_Umb</Filter>
    </ClCompile>
    <ClCompile Include="..\Code\CStockMarket.cpp">
      <Filter>02. GameObject\00. Ship\Phone\App\StockMarket</Filter>
    </ClCompile>
    <ClCompile Include="..\Code\CWPAmmoCntText.cpp">
      <Filter>02. GameObject\DiveDave\DiveDaveUI\WeaponBox</Filter>
    </ClCompile>
    <ClCompile Include="..\Code\CAmmoPack.cpp">
      <Filter>02. GameObject\Dive_Item\Item_AmmoPack</Filter>
    </ClCompile>
    <ClCompile Include="..\Code\CJohnConversation.cpp">
      <Filter>02. GameObject\Conversation</Filter>
    </ClCompile>
    <ClCompile Include="..\Code\CSpaceKeyUI.cpp">
      <Filter>02. GameObject\DiveDave\DiveDaveUI\GaugeBar</Filter>
    </ClCompile>
    <ClCompile Include="..\Code\CJohn2Hit.cpp">
      <Filter>02. GameObject\John2\Hit</Filter>
    </ClCompile>
    <ClCompile Include="..\Code\CJohn2Die.cpp">
      <Filter>02. GameObject\John2\Die</Filter>
    </ClCompile>
    <ClCompile Include="..\Code\CJohn2Panties.cpp">
      <Filter>02. GameObject\John2\Panties</Filter>
    </ClCompile>
    <ClCompile Include="..\Code\CJohn2Explosion.cpp">
      <Filter>02. GameObject\John2\Explosion</Filter>
    </ClCompile>
    <ClCompile Include="..\Code\CJohn2PantiesSwim.cpp">
      <Filter>02. GameObject\John2\Panties_Swim</Filter>
    </ClCompile>
    <ClCompile Include="..\Code\CJohn2Slicable.cpp">
      <Filter>02. GameObject\John2\Slicable</Filter>
    </ClCompile>
    <ClCompile Include="..\Code\CEnding.cpp">
      <Filter>01. Scene\05. Ending</Filter>
    </ClCompile>
    <ClCompile Include="..\Code\CFinalConversation.cpp">
      <Filter>01. Scene\05. Ending\GameObject</Filter>
    </ClCompile>
    <ClCompile Include="..\Code\CFishTankCollider.cpp">
      <Filter>02. GameObject\Fish\FishTankCollider</Filter>
    </ClCompile>
    <ClCompile Include="..\Code\CEndingBG.cpp">
      <Filter>01. Scene\05. Ending\Background</Filter>
    </ClCompile>
    <ClCompile Include="..\Code\CDaveGoldBall.cpp">
      <Filter>02. GameObject\DiveDave\DaveGoldBall</Filter>
    </ClCompile>
  </ItemGroup>
  <ItemGroup>
    <ResourceCompile Include="Client.rc">
      <Filter>리소스 파일</Filter>
    </ResourceCompile>
  </ItemGroup>
  <ItemGroup>
    <Image Include="small.ico">
      <Filter>리소스 파일</Filter>
    </Image>
    <Image Include="Client.ico">
      <Filter>리소스 파일</Filter>
    </Image>
  </ItemGroup>
</Project>