<?xml version="1.0" encoding="utf-8"?>
<Project ToolsVersion="4.0" xmlns="http://schemas.microsoft.com/developer/msbuild/2003">
  <ItemGroup>
    <Filter Include="00. Manager">
      <UniqueIdentifier>{ac7e3126-1495-449f-9170-c5fcc052a8df}</UniqueIdentifier>
    </Filter>
    <Filter Include="00. Manager\00. GraphicDev">
      <UniqueIdentifier>{edca8ffa-d2c9-409f-97c3-b98411f7ddd4}</UniqueIdentifier>
    </Filter>
    <Filter Include="99. Header">
      <UniqueIdentifier>{d43c7d42-72a9-4889-90bb-aa4349a2daff}</UniqueIdentifier>
    </Filter>
    <Filter Include="00. Manager\01. TimerMgr">
      <UniqueIdentifier>{ec7a11fb-c40b-4c59-a7b8-f472ff9051a3}</UniqueIdentifier>
    </Filter>
    <Filter Include="00. Manager\01. TimerMgr\Timer">
      <UniqueIdentifier>{8e3c0b2f-320a-46ea-87c6-6e6e43992b5f}</UniqueIdentifier>
    </Filter>
    <Filter Include="00. Manager\02. FrameMgr">
      <UniqueIdentifier>{2367342d-103e-4db9-a7dc-b74af22f3fb2}</UniqueIdentifier>
    </Filter>
    <Filter Include="00. Manager\02. FrameMgr\Frame">
      <UniqueIdentifier>{f64fdaf3-9164-449c-b51a-e764de0efa48}</UniqueIdentifier>
    </Filter>
    <Filter Include="00. Manager\03. Management">
      <UniqueIdentifier>{8cf8a7d0-9e7b-405d-8fb1-301a3a7f36f6}</UniqueIdentifier>
    </Filter>
    <Filter Include="01. Structure">
      <UniqueIdentifier>{fd76b072-63ed-4c1f-82c3-e49bdf2efa98}</UniqueIdentifier>
    </Filter>
    <Filter Include="01. Structure\00. Scene">
      <UniqueIdentifier>{65c1f318-a83d-45ba-9fd0-8f8a0574bb8a}</UniqueIdentifier>
    </Filter>
    <Filter Include="01. Structure\01. Layer">
      <UniqueIdentifier>{79d42e49-9994-4804-a681-6495ffd20cc8}</UniqueIdentifier>
    </Filter>
    <Filter Include="01. Structure\02. GameObject">
      <UniqueIdentifier>{ead4ca18-ad54-4011-b580-62b61f5a7f58}</UniqueIdentifier>
    </Filter>
    <Filter Include="01. Structure\03. Component">
      <UniqueIdentifier>{c964c2bd-ac4c-4fc5-9d7b-db62b7f45f5b}</UniqueIdentifier>
    </Filter>
    <Filter Include="02. Component">
      <UniqueIdentifier>{047d0207-a131-4fde-b8e9-a11c13940d12}</UniqueIdentifier>
    </Filter>
    <Filter Include="02. Component\00. VIBuffer">
      <UniqueIdentifier>{79309e18-39bc-4003-90a2-9f54c7ed21e1}</UniqueIdentifier>
    </Filter>
    <Filter Include="02. Component\00. VIBuffer\00. TriCol">
      <UniqueIdentifier>{bbcc8c79-a533-4bd5-8714-d0b7686df119}</UniqueIdentifier>
    </Filter>
    <Filter Include="00. Manager\04. ProtoMgr">
      <UniqueIdentifier>{836c8db7-5404-4449-a3d1-e74f3e5971e5}</UniqueIdentifier>
    </Filter>
    <Filter Include="02. Component\00. VIBuffer\01. RcCol">
      <UniqueIdentifier>{8d8b97b1-c223-4251-a745-ac4dd2f52f98}</UniqueIdentifier>
    </Filter>
    <Filter Include="02. Component\01. Transform">
      <UniqueIdentifier>{cd690b8d-2365-464f-8698-701097fc25d6}</UniqueIdentifier>
    </Filter>
    <Filter Include="02. Component\00. VIBuffer\02. RcTex">
      <UniqueIdentifier>{96250d17-7549-4953-9ba1-1bd57748f1e4}</UniqueIdentifier>
    </Filter>
    <Filter Include="02. Component\02. Texture">
      <UniqueIdentifier>{575a9d92-9f33-4e98-a9a9-7d36c855c0aa}</UniqueIdentifier>
    </Filter>
    <Filter Include="00. Manager\05. Renderer">
      <UniqueIdentifier>{e24dd756-3d6b-40bc-b285-a63f5bfa3bbc}</UniqueIdentifier>
    </Filter>
    <Filter Include="00. Manager\06. FontMgr">
      <UniqueIdentifier>{cb4b99c0-6bcc-43ee-9413-af98488ddb05}</UniqueIdentifier>
    </Filter>
    <Filter Include="00. Manager\06. FontMgr\Font">
      <UniqueIdentifier>{f882c3b2-4ed5-417c-b8d7-8912a098eab7}</UniqueIdentifier>
    </Filter>
    <Filter Include="02. Component\00. VIBuffer\03. TerrainTex">
      <UniqueIdentifier>{0ab864d5-8305-4343-8a65-0d6f56ee29bd}</UniqueIdentifier>
    </Filter>
    <Filter Include="01. Structure\02. GameObject\Camera">
      <UniqueIdentifier>{52e5817d-3e0d-47ee-9cad-2d0805fcbe17}</UniqueIdentifier>
    </Filter>
    <Filter Include="00. Manager\07. DInput">
      <UniqueIdentifier>{20e64da3-0518-4200-af78-e4a4cf6f28f4}</UniqueIdentifier>
    </Filter>
    <Filter Include="02. Component\00. VIBuffer\04. CubeTex">
      <UniqueIdentifier>{9f869161-c0c3-4fb6-9acc-64686438e9f4}</UniqueIdentifier>
    </Filter>
    <Filter Include="00. Manager\08. Pipeline">
      <UniqueIdentifier>{7137737d-188a-4b1b-9615-5d2f004bee7f}</UniqueIdentifier>
    </Filter>
    <Filter Include="02. Component\03. Calculator">
      <UniqueIdentifier>{c5514299-d40e-461b-a568-6fba7ab95be3}</UniqueIdentifier>
    </Filter>
    <Filter Include="00. Manager\09. InfoMgr">
      <UniqueIdentifier>{e98680b0-d252-456c-a769-f84c70c11646}</UniqueIdentifier>
    </Filter>
    <Filter Include="00. Manager\10. ImguiMgr">
      <UniqueIdentifier>{4fabf95a-e78a-4748-a542-3c06d465d08e}</UniqueIdentifier>
    </Filter>
    <Filter Include="00. Manager\10. ImguiMgr\Imgui">
      <UniqueIdentifier>{63c02bb2-f791-4e39-b1df-c8160f025be7}</UniqueIdentifier>
    </Filter>
    <Filter Include="00. Manager\11. SoundMgr">
      <UniqueIdentifier>{70519542-cd8e-412a-9962-2992d42c4dc4}</UniqueIdentifier>
    </Filter>
    <Filter Include="00. Manager\12. LightMgr">
      <UniqueIdentifier>{57780965-5e5b-4d92-a3e9-f7266e6d0ae5}</UniqueIdentifier>
    </Filter>
    <Filter Include="00. Manager\12. LightMgr\Light">
      <UniqueIdentifier>{c9f1c695-904d-4d1e-a4de-1a886ca54b3c}</UniqueIdentifier>
    </Filter>
    <Filter Include="00. Manager\10. ImguiMgr\Imguizmo">
      <UniqueIdentifier>{8a19f651-2d1d-4193-a326-1237e50ecee5}</UniqueIdentifier>
    </Filter>
    <Filter Include="00. Manager\13. ParticleMgr">
      <UniqueIdentifier>{64b50dc5-bde8-4b2a-aa4d-6ddb275068eb}</UniqueIdentifier>
    </Filter>
    <Filter Include="00. Manager\13. ParticleMgr\03. Particles">
      <UniqueIdentifier>{dbb5ac1e-72c2-483f-955a-04361058c145}</UniqueIdentifier>
    </Filter>
    <Filter Include="00. Manager\13. ParticleMgr\03. Particles\00. Firework">
      <UniqueIdentifier>{f8148896-78c3-4ffe-a1e6-2191f66dab7d}</UniqueIdentifier>
    </Filter>
    <Filter Include="00. Manager\13. ParticleMgr\03. Particles\01. GunShot">
      <UniqueIdentifier>{d8120dc7-5d29-4009-8ecf-78f7cf196778}</UniqueIdentifier>
    </Filter>
    <Filter Include="00. Manager\13. ParticleMgr\03. Particles\02. Bullet">
      <UniqueIdentifier>{ff718e44-fe1f-410a-9bdc-fae1a2ea2ef5}</UniqueIdentifier>
    </Filter>
    <Filter Include="00. Manager\14. ColliderMgr">
      <UniqueIdentifier>{ebb6f289-c8ef-4830-9903-06cfc59fcd67}</UniqueIdentifier>
    </Filter>
    <Filter Include="00. Manager\14. ColliderMgr\00. Collider">
      <UniqueIdentifier>{4d6549c3-c2bd-417a-958d-875a924d871e}</UniqueIdentifier>
    </Filter>
    <Filter Include="00. Manager\14. ColliderMgr\00. Collider\00. AABB">
      <UniqueIdentifier>{2e7c97ab-e99a-44e2-b79a-0a3f09e38927}</UniqueIdentifier>
    </Filter>
    <Filter Include="03. GameObject">
      <UniqueIdentifier>{ab085ee8-e48d-4a35-9ee3-c1a1b8ac566a}</UniqueIdentifier>
    </Filter>
    <Filter Include="03. GameObject\PlayerCam">
      <UniqueIdentifier>{a47c69b7-891a-42d3-a4a6-da394f589aa2}</UniqueIdentifier>
    </Filter>
    <Filter Include="03. GameObject\DSPlayer">
      <UniqueIdentifier>{f07920a4-891a-4682-9d02-04bde001d625}</UniqueIdentifier>
    </Filter>
    <Filter Include="03. GameObject\DSPlayer\PlayerBullet">
      <UniqueIdentifier>{d6aadfa3-60e8-4339-9dad-2910fe82e924}</UniqueIdentifier>
    </Filter>
    <Filter Include="03. GameObject\DSPlayer\PlayerGun">
      <UniqueIdentifier>{bb40df52-ea5d-4ed5-ab30-8fe0f91d869b}</UniqueIdentifier>
    </Filter>
    <Filter Include="03. GameObject\DSPlayer\PlayerState">
      <UniqueIdentifier>{cd6d3d7d-6de7-4389-9dd7-fee30e919fac}</UniqueIdentifier>
    </Filter>
    <Filter Include="03. GameObject\DSPlayer\PlayerState\Attack">
      <UniqueIdentifier>{e14cd4a9-a870-4787-b50e-ee153c2e3f0b}</UniqueIdentifier>
    </Filter>
    <Filter Include="03. GameObject\DSPlayer\PlayerState\Die">
      <UniqueIdentifier>{532d910a-c66e-492a-ae70-75ac784b3ae6}</UniqueIdentifier>
    </Filter>
    <Filter Include="03. GameObject\DSPlayer\PlayerState\Idle">
      <UniqueIdentifier>{28fe219a-2aaf-4ce9-bd43-b608d6c37917}</UniqueIdentifier>
    </Filter>
    <Filter Include="00. Manager\14. ColliderMgr\00. Collider\01. Sphere">
      <UniqueIdentifier>{3009ba92-f8b0-443c-9f85-45329dd25f34}</UniqueIdentifier>
    </Filter>
    <Filter Include="00. Manager\14. ColliderMgr\00. Collider\02. OBB">
      <UniqueIdentifier>{706da341-c586-4899-9568-472d836bbec0}</UniqueIdentifier>
    </Filter>
    <Filter Include="00. Manager\14. ColliderMgr\00. Collider\03. Frustum">
      <UniqueIdentifier>{0b1b4166-24b4-4ff3-b996-4e6d6dcaaecf}</UniqueIdentifier>
    </Filter>
    <Filter Include="02. Component\00. VIBuffer\05. CubeCol">
      <UniqueIdentifier>{76b63552-6c8e-403d-85da-b4a3c027e2f6}</UniqueIdentifier>
    </Filter>
    <Filter Include="00. Manager\13. ParticleMgr\03. Particles\03. Weather">
      <UniqueIdentifier>{64dc0068-ee2e-49e3-8809-5596f0801d13}</UniqueIdentifier>
    </Filter>
    <Filter Include="00. Manager\15. AssetMgr">
      <UniqueIdentifier>{4d275ad2-b8a5-4c64-9683-46878901beea}</UniqueIdentifier>
    </Filter>
    <Filter Include="00. Manager\15. AssetMgr\00. Asset">
      <UniqueIdentifier>{157ece00-9c00-48cb-8e18-6333b6d12c65}</UniqueIdentifier>
    </Filter>
    <Filter Include="00. Manager\15. AssetMgr\00. Asset\00. Font">
      <UniqueIdentifier>{bab804e7-cb75-44a9-9ef7-7a3b57bacdd3}</UniqueIdentifier>
    </Filter>
    <Filter Include="00. Manager\15. AssetMgr\00. Asset\01. Sound">
      <UniqueIdentifier>{a3fc11ac-1760-42cf-b209-197080de3257}</UniqueIdentifier>
    </Filter>
    <Filter Include="00. Manager\15. AssetMgr\00. Asset\02. Texture">
      <UniqueIdentifier>{31383231-9ae9-4cd4-82b5-0028d163a90a}</UniqueIdentifier>
    </Filter>
    <Filter Include="00. Manager\15. AssetMgr\00. Asset\03. CubeTexture">
      <UniqueIdentifier>{26600ba7-85f5-4322-b9bd-eb61d21e072d}</UniqueIdentifier>
    </Filter>
    <Filter Include="00. Manager\13. ParticleMgr\03. Particles\04. FlameShot">
      <UniqueIdentifier>{2f0ec91e-487f-4b5b-b316-6c7ff227db71}</UniqueIdentifier>
    </Filter>
    <Filter Include="00. Manager\CameraMgr">
      <UniqueIdentifier>{b6f5fc31-84b8-4819-85fa-1e84cbe3996a}</UniqueIdentifier>
    </Filter>
    <Filter Include="03. GameObject\FreeCam">
      <UniqueIdentifier>{167b8757-df8d-4946-affe-8b194b7de25c}</UniqueIdentifier>
    </Filter>
    <Filter Include="02. Component\00. VIBuffer\Frustrum">
      <UniqueIdentifier>{951f1250-7b9f-4744-8f23-e1a1b3396f13}</UniqueIdentifier>
    </Filter>
    <Filter Include="01. Structure\02. GameObject\Lay">
      <UniqueIdentifier>{1dbbe337-0754-4b97-af1d-3a6a1d3355c0}</UniqueIdentifier>
    </Filter>
  </ItemGroup>
  <ItemGroup>
    <ClCompile Include="..\Code\CGraphicDev.cpp">
      <Filter>00. Manager\00. GraphicDev</Filter>
    </ClCompile>
    <ClCompile Include="..\Code\CTimerMgr.cpp">
      <Filter>00. Manager\01. TimerMgr</Filter>
    </ClCompile>
    <ClCompile Include="..\Code\CTimer.cpp">
      <Filter>00. Manager\01. TimerMgr\Timer</Filter>
    </ClCompile>
    <ClCompile Include="..\Code\CFrame.cpp">
      <Filter>00. Manager\02. FrameMgr\Frame</Filter>
    </ClCompile>
    <ClCompile Include="..\Code\CFrameMgr.cpp">
      <Filter>00. Manager\02. FrameMgr</Filter>
    </ClCompile>
    <ClCompile Include="..\Code\CScene.cpp">
      <Filter>01. Structure\00. Scene</Filter>
    </ClCompile>
    <ClCompile Include="..\Code\CLayer.cpp">
      <Filter>01. Structure\01. Layer</Filter>
    </ClCompile>
    <ClCompile Include="..\Code\CGameObject.cpp">
      <Filter>01. Structure\02. GameObject</Filter>
    </ClCompile>
    <ClCompile Include="..\Code\CComponent.cpp">
      <Filter>01. Structure\03. Component</Filter>
    </ClCompile>
    <ClCompile Include="..\Code\CManagement.cpp">
      <Filter>00. Manager\03. Management</Filter>
    </ClCompile>
    <ClCompile Include="..\Code\CVIBuffer.cpp">
      <Filter>02. Component\00. VIBuffer</Filter>
    </ClCompile>
    <ClCompile Include="..\Code\CTriCol.cpp">
      <Filter>02. Component\00. VIBuffer\00. TriCol</Filter>
    </ClCompile>
    <ClCompile Include="..\Code\CProtoMgr.cpp">
      <Filter>00. Manager\04. ProtoMgr</Filter>
    </ClCompile>
    <ClCompile Include="..\Code\CRcCol.cpp">
      <Filter>02. Component\00. VIBuffer\01. RcCol</Filter>
    </ClCompile>
    <ClCompile Include="..\Code\CTransform.cpp">
      <Filter>02. Component\01. Transform</Filter>
    </ClCompile>
    <ClCompile Include="..\Code\CRcTex.cpp">
      <Filter>02. Component\00. VIBuffer\02. RcTex</Filter>
    </ClCompile>
    <ClCompile Include="..\Code\CTexture.cpp">
      <Filter>02. Component\02. Texture</Filter>
    </ClCompile>
    <ClCompile Include="..\Code\CRenderer.cpp">
      <Filter>00. Manager\05. Renderer</Filter>
    </ClCompile>
    <ClCompile Include="..\Code\CFontMgr.cpp">
      <Filter>00. Manager\06. FontMgr</Filter>
    </ClCompile>
    <ClCompile Include="..\Code\CFont.cpp">
      <Filter>00. Manager\06. FontMgr\Font</Filter>
    </ClCompile>
    <ClCompile Include="..\Code\CTerrainTex.cpp">
      <Filter>02. Component\00. VIBuffer\03. TerrainTex</Filter>
    </ClCompile>
    <ClCompile Include="..\Code\CCamera.cpp">
      <Filter>01. Structure\02. GameObject\Camera</Filter>
    </ClCompile>
    <ClCompile Include="..\Code\CDInputMgr.cpp">
      <Filter>00. Manager\07. DInput</Filter>
    </ClCompile>
    <ClCompile Include="..\Code\CCubeTex.cpp">
      <Filter>02. Component\00. VIBuffer\04. CubeTex</Filter>
    </ClCompile>
    <ClCompile Include="..\Code\CPipeline.cpp">
      <Filter>00. Manager\08. Pipeline</Filter>
    </ClCompile>
    <ClCompile Include="..\Code\CCalculator.cpp">
      <Filter>02. Component\03. Calculator</Filter>
    </ClCompile>
    <ClCompile Include="..\Code\CLog.cpp">
      <Filter>00. Manager\08. Pipeline</Filter>
    </ClCompile>
    <ClCompile Include="..\Code\CInfoMgr.cpp">
      <Filter>00. Manager\09. InfoMgr</Filter>
    </ClCompile>
    <ClCompile Include="..\Code\CImguiMgr.cpp">
      <Filter>00. Manager\10. ImguiMgr</Filter>
    </ClCompile>
    <ClCompile Include="..\Code\CSoundMgr.cpp">
      <Filter>00. Manager\11. SoundMgr</Filter>
    </ClCompile>
    <ClCompile Include="..\Code\CHelper.cpp">
      <Filter>00. Manager\08. Pipeline</Filter>
    </ClCompile>
    <ClCompile Include="..\Code\CLight.cpp">
      <Filter>00. Manager\12. LightMgr\Light</Filter>
    </ClCompile>
    <ClCompile Include="..\Code\CLightMgr.cpp">
      <Filter>00. Manager\12. LightMgr</Filter>
    </ClCompile>
    <ClCompile Include="..\ThirdParty\imgui\imgui-1.83\imgui.cpp">
      <Filter>00. Manager\10. ImguiMgr\Imgui</Filter>
    </ClCompile>
    <ClCompile Include="..\ThirdParty\imgui\imgui-1.83\imgui_demo.cpp">
      <Filter>00. Manager\10. ImguiMgr\Imgui</Filter>
    </ClCompile>
    <ClCompile Include="..\ThirdParty\imgui\imgui-1.83\imgui_draw.cpp">
      <Filter>00. Manager\10. ImguiMgr\Imgui</Filter>
    </ClCompile>
    <ClCompile Include="..\ThirdParty\imgui\imgui-1.83\imgui_impl_dx9.cpp">
      <Filter>00. Manager\10. ImguiMgr\Imgui</Filter>
    </ClCompile>
    <ClCompile Include="..\ThirdParty\imgui\imgui-1.83\imgui_impl_win32.cpp">
      <Filter>00. Manager\10. ImguiMgr\Imgui</Filter>
    </ClCompile>
    <ClCompile Include="..\ThirdParty\imgui\imgui-1.83\imgui_tables.cpp">
      <Filter>00. Manager\10. ImguiMgr\Imgui</Filter>
    </ClCompile>
    <ClCompile Include="..\ThirdParty\imgui\imgui-1.83\imgui_widgets.cpp">
      <Filter>00. Manager\10. ImguiMgr\Imgui</Filter>
    </ClCompile>
    <ClCompile Include="..\ThirdParty\imgui\ImGuizmo-1.83\GraphEditor.cpp">
      <Filter>00. Manager\10. ImguiMgr\Imguizmo</Filter>
    </ClCompile>
    <ClCompile Include="..\ThirdParty\imgui\ImGuizmo-1.83\ImCurveEdit.cpp">
      <Filter>00. Manager\10. ImguiMgr\Imguizmo</Filter>
    </ClCompile>
    <ClCompile Include="..\ThirdParty\imgui\ImGuizmo-1.83\ImGradient.cpp">
      <Filter>00. Manager\10. ImguiMgr\Imguizmo</Filter>
    </ClCompile>
    <ClCompile Include="..\ThirdParty\imgui\ImGuizmo-1.83\ImGuizmo.cpp">
      <Filter>00. Manager\10. ImguiMgr\Imguizmo</Filter>
    </ClCompile>
    <ClCompile Include="..\ThirdParty\imgui\ImGuizmo-1.83\ImSequencer.cpp">
      <Filter>00. Manager\10. ImguiMgr\Imguizmo</Filter>
    </ClCompile>
    <ClCompile Include="..\Code\Firework.cpp">
      <Filter>00. Manager\13. ParticleMgr\03. Particles\00. Firework</Filter>
    </ClCompile>
    <ClCompile Include="..\Code\CParticleMgr.cpp">
      <Filter>00. Manager\13. ParticleMgr</Filter>
    </ClCompile>
    <ClCompile Include="..\Code\CBulletSpark.cpp">
      <Filter>00. Manager\13. ParticleMgr\03. Particles\01. GunShot</Filter>
    </ClCompile>
    <ClCompile Include="..\Code\CBullet.cpp">
      <Filter>00. Manager\13. ParticleMgr\03. Particles\02. Bullet</Filter>
    </ClCompile>
    <ClCompile Include="..\Code\CColliderMgr.cpp">
      <Filter>00. Manager\14. ColliderMgr</Filter>
    </ClCompile>
    <ClCompile Include="..\Code\CCollider.cpp">
      <Filter>00. Manager\14. ColliderMgr\00. Collider</Filter>
    </ClCompile>
    <ClCompile Include="..\Code\CAABB.cpp">
      <Filter>00. Manager\14. ColliderMgr\00. Collider\00. AABB</Filter>
    </ClCompile>
    <ClCompile Include="..\Code\CPlayerCam.cpp">
      <Filter>03. GameObject\PlayerCam</Filter>
    </ClCompile>
    <ClCompile Include="..\Code\CPlayerBullet.cpp">
      <Filter>03. GameObject\DSPlayer\PlayerBullet</Filter>
    </ClCompile>
    <ClCompile Include="..\Code\CPlayerGun.cpp">
      <Filter>03. GameObject\DSPlayer\PlayerGun</Filter>
    </ClCompile>
    <ClCompile Include="..\Code\CDSPlayer.cpp">
      <Filter>03. GameObject\DSPlayer</Filter>
    </ClCompile>
    <ClCompile Include="..\Code\CPlayerState.cpp">
      <Filter>03. GameObject\DSPlayer\PlayerState</Filter>
    </ClCompile>
    <ClCompile Include="..\Code\CPlayerAttack.cpp">
      <Filter>03. GameObject\DSPlayer\PlayerState\Attack</Filter>
    </ClCompile>
    <ClCompile Include="..\Code\CPlayerDie.cpp">
      <Filter>03. GameObject\DSPlayer\PlayerState\Die</Filter>
    </ClCompile>
    <ClCompile Include="..\Code\CPlayerIdle.cpp">
      <Filter>03. GameObject\DSPlayer\PlayerState\Idle</Filter>
    </ClCompile>
    <ClCompile Include="..\Code\CBoundingSphere.cpp">
      <Filter>00. Manager\14. ColliderMgr\00. Collider\01. Sphere</Filter>
    </ClCompile>
    <ClCompile Include="..\Code\COBB.cpp">
      <Filter>00. Manager\14. ColliderMgr\00. Collider\02. OBB</Filter>
    </ClCompile>
    <ClCompile Include="..\Code\CBoundingFrustum.cpp">
      <Filter>00. Manager\14. ColliderMgr\00. Collider\03. Frustum</Filter>
    </ClCompile>
    <ClCompile Include="..\Code\CCubeCol.cpp">
      <Filter>02. Component\00. VIBuffer\05. CubeCol</Filter>
    </ClCompile>
    <ClCompile Include="..\Code\PSystem.cpp">
      <Filter>00. Manager\13. ParticleMgr\03. Particles</Filter>
    </ClCompile>
    <ClCompile Include="..\Code\CWeather.cpp">
      <Filter>00. Manager\13. ParticleMgr\03. Particles\03. Weather</Filter>
    </ClCompile>
    <ClCompile Include="..\Code\CAssetMgr.cpp">
      <Filter>00. Manager\15. AssetMgr</Filter>
    </ClCompile>
    <ClCompile Include="..\Code\CAsset.cpp">
      <Filter>00. Manager\15. AssetMgr\00. Asset</Filter>
    </ClCompile>
    <ClCompile Include="..\Code\CAssetTexture.cpp">
      <Filter>00. Manager\15. AssetMgr\00. Asset\02. Texture</Filter>
    </ClCompile>
    <ClCompile Include="..\Code\CFlameShot.cpp">
      <Filter>00. Manager\13. ParticleMgr\03. Particles\04. FlameShot</Filter>
    </ClCompile>
    <ClCompile Include="..\Code\CCameraMgr.cpp">
      <Filter>00. Manager\CameraMgr</Filter>
    </ClCompile>
    <ClCompile Include="..\Code\CFreeCam.cpp">
      <Filter>03. GameObject\FreeCam</Filter>
    </ClCompile>
    <ClCompile Include="..\Code\CFrustrum.cpp">
      <Filter>02. Component\00. VIBuffer\Frustrum</Filter>
    </ClCompile>
    <ClCompile Include="..\Code\CLay.cpp">
      <Filter>01. Structure\02. GameObject\Lay</Filter>
    </ClCompile>
    <ClCompile Include="..\Code\CAssetCubeTexture.cpp">
      <Filter>00. Manager\15. AssetMgr\00. Asset\03. CubeTexture</Filter>
    </ClCompile>
    <ClCompile Include="..\Code\CAssetDefaultFont.cpp">
      <Filter>00. Manager\15. AssetMgr\00. Asset\00. Font</Filter>
    </ClCompile>
  </ItemGroup>
  <ItemGroup>
    <ClInclude Include="..\Header\CGraphicDev.h">
      <Filter>00. Manager\00. GraphicDev</Filter>
    </ClInclude>
    <ClInclude Include="..\Header\Engine_Define.h">
      <Filter>99. Header</Filter>
    </ClInclude>
    <ClInclude Include="..\Header\Engine_Enum.h">
      <Filter>99. Header</Filter>
    </ClInclude>
    <ClInclude Include="..\Header\Engine_Function.h">
      <Filter>99. Header</Filter>
    </ClInclude>
    <ClInclude Include="..\Header\Engine_Macro.h">
      <Filter>99. Header</Filter>
    </ClInclude>
    <ClInclude Include="..\Header\Engine_Struct.h">
      <Filter>99. Header</Filter>
    </ClInclude>
    <ClInclude Include="..\Header\Engine_Typedef.h">
      <Filter>99. Header</Filter>
    </ClInclude>
    <ClInclude Include="..\Header\CTimerMgr.h">
      <Filter>00. Manager\01. TimerMgr</Filter>
    </ClInclude>
    <ClInclude Include="..\Header\CTimer.h">
      <Filter>00. Manager\01. TimerMgr\Timer</Filter>
    </ClInclude>
    <ClInclude Include="..\Header\CFrame.h">
      <Filter>00. Manager\02. FrameMgr\Frame</Filter>
    </ClInclude>
    <ClInclude Include="..\Header\CFrameMgr.h">
      <Filter>00. Manager\02. FrameMgr</Filter>
    </ClInclude>
    <ClInclude Include="..\Header\CComponent.h">
      <Filter>01. Structure\03. Component</Filter>
    </ClInclude>
    <ClInclude Include="..\Header\CGameObject.h">
      <Filter>01. Structure\02. GameObject</Filter>
    </ClInclude>
    <ClInclude Include="..\Header\CLayer.h">
      <Filter>01. Structure\01. Layer</Filter>
    </ClInclude>
    <ClInclude Include="..\Header\CScene.h">
      <Filter>01. Structure\00. Scene</Filter>
    </ClInclude>
    <ClInclude Include="..\Header\CManagement.h">
      <Filter>00. Manager\03. Management</Filter>
    </ClInclude>
    <ClInclude Include="..\Header\CVIBuffer.h">
      <Filter>02. Component\00. VIBuffer</Filter>
    </ClInclude>
    <ClInclude Include="..\Header\CTriCol.h">
      <Filter>02. Component\00. VIBuffer\00. TriCol</Filter>
    </ClInclude>
    <ClInclude Include="..\Header\CProtoMgr.h">
      <Filter>00. Manager\04. ProtoMgr</Filter>
    </ClInclude>
    <ClInclude Include="..\Header\CRcCol.h">
      <Filter>02. Component\00. VIBuffer\01. RcCol</Filter>
    </ClInclude>
    <ClInclude Include="..\Header\CTransform.h">
      <Filter>02. Component\01. Transform</Filter>
    </ClInclude>
    <ClInclude Include="..\Header\CRcTex.h">
      <Filter>02. Component\00. VIBuffer\02. RcTex</Filter>
    </ClInclude>
    <ClInclude Include="..\Header\CTexture.h">
      <Filter>02. Component\02. Texture</Filter>
    </ClInclude>
    <ClInclude Include="..\Header\CRenderer.h">
      <Filter>00. Manager\05. Renderer</Filter>
    </ClInclude>
    <ClInclude Include="..\Header\CFont.h">
      <Filter>00. Manager\06. FontMgr\Font</Filter>
    </ClInclude>
    <ClInclude Include="..\Header\CFontMgr.h">
      <Filter>00. Manager\06. FontMgr</Filter>
    </ClInclude>
    <ClInclude Include="..\Header\CTerrainTex.h">
      <Filter>02. Component\00. VIBuffer\03. TerrainTex</Filter>
    </ClInclude>
    <ClInclude Include="..\Header\CCamera.h">
      <Filter>01. Structure\02. GameObject\Camera</Filter>
    </ClInclude>
    <ClInclude Include="..\Header\CDInputMgr.h">
      <Filter>00. Manager\07. DInput</Filter>
    </ClInclude>
    <ClInclude Include="..\Header\CCubeTex.h">
      <Filter>02. Component\00. VIBuffer\04. CubeTex</Filter>
    </ClInclude>
    <ClInclude Include="..\Header\CPipeline.h">
      <Filter>00. Manager\08. Pipeline</Filter>
    </ClInclude>
    <ClInclude Include="..\Header\CCalculator.h">
      <Filter>02. Component\03. Calculator</Filter>
    </ClInclude>
    <ClInclude Include="..\Header\CLog.h">
      <Filter>00. Manager\08. Pipeline</Filter>
    </ClInclude>
    <ClInclude Include="..\Header\CInfoMgr.h">
      <Filter>00. Manager\09. InfoMgr</Filter>
    </ClInclude>
    <ClInclude Include="..\Header\CImguiMgr.h">
      <Filter>00. Manager\10. ImguiMgr</Filter>
    </ClInclude>
    <ClInclude Include="..\Header\CSoundMgr.h">
      <Filter>00. Manager\11. SoundMgr</Filter>
    </ClInclude>
    <ClInclude Include="..\Header\CHelper.h">
      <Filter>00. Manager\08. Pipeline</Filter>
    </ClInclude>
    <ClInclude Include="..\Header\CLight.h">
      <Filter>00. Manager\12. LightMgr\Light</Filter>
    </ClInclude>
    <ClInclude Include="..\Header\CLightMgr.h">
      <Filter>00. Manager\12. LightMgr</Filter>
    </ClInclude>
    <ClInclude Include="..\Header\PSystem.h">
      <Filter>00. Manager\13. ParticleMgr\03. Particles</Filter>
    </ClInclude>
    <ClInclude Include="..\Header\Firework.h">
      <Filter>00. Manager\13. ParticleMgr\03. Particles\00. Firework</Filter>
    </ClInclude>
    <ClInclude Include="..\Header\CParticleMgr.h">
      <Filter>00. Manager\13. ParticleMgr</Filter>
    </ClInclude>
    <ClInclude Include="..\Header\CBulletSpark.h">
      <Filter>00. Manager\13. ParticleMgr\03. Particles\01. GunShot</Filter>
    </ClInclude>
    <ClInclude Include="..\Header\CBullet.h">
      <Filter>00. Manager\13. ParticleMgr\03. Particles\02. Bullet</Filter>
    </ClInclude>
    <ClInclude Include="..\Header\CColliderMgr.h">
      <Filter>00. Manager\14. ColliderMgr</Filter>
    </ClInclude>
    <ClInclude Include="..\Header\CCollider.h">
      <Filter>00. Manager\14. ColliderMgr\00. Collider</Filter>
    </ClInclude>
    <ClInclude Include="..\Header\CAABB.h">
      <Filter>00. Manager\14. ColliderMgr\00. Collider\00. AABB</Filter>
    </ClInclude>
    <ClInclude Include="..\Header\CPlayerCam.h">
      <Filter>03. GameObject\PlayerCam</Filter>
    </ClInclude>
    <ClInclude Include="..\Header\CPlayerBullet.h">
      <Filter>03. GameObject\DSPlayer\PlayerBullet</Filter>
    </ClInclude>
    <ClInclude Include="..\Header\CPlayerGun.h">
      <Filter>03. GameObject\DSPlayer\PlayerGun</Filter>
    </ClInclude>
    <ClInclude Include="..\Header\CDSPlayer.h">
      <Filter>03. GameObject\DSPlayer</Filter>
    </ClInclude>
    <ClInclude Include="..\Header\CPlayerState.h">
      <Filter>03. GameObject\DSPlayer\PlayerState</Filter>
    </ClInclude>
    <ClInclude Include="..\Header\CPlayerAttack.h">
      <Filter>03. GameObject\DSPlayer\PlayerState\Attack</Filter>
    </ClInclude>
    <ClInclude Include="..\Header\CPlayerDie.h">
      <Filter>03. GameObject\DSPlayer\PlayerState\Die</Filter>
    </ClInclude>
    <ClInclude Include="..\Header\CPlayerIdle.h">
      <Filter>03. GameObject\DSPlayer\PlayerState\Idle</Filter>
    </ClInclude>
    <ClInclude Include="..\Header\CWeather.h">
      <Filter>00. Manager\13. ParticleMgr\03. Particles\03. Weather</Filter>
    </ClInclude>
    <ClInclude Include="..\Header\CBoundingSphere.h">
      <Filter>00. Manager\14. ColliderMgr\00. Collider\01. Sphere</Filter>
    </ClInclude>
    <ClInclude Include="..\Header\COBB.h">
      <Filter>00. Manager\14. ColliderMgr\00. Collider\02. OBB</Filter>
    </ClInclude>
    <ClInclude Include="..\Header\CCubeCol.h">
      <Filter>02. Component\00. VIBuffer\05. CubeCol</Filter>
    </ClInclude>
    <ClInclude Include="..\Header\CBoundingFrustum.h">
      <Filter>00. Manager\14. ColliderMgr\00. Collider\03. Frustum</Filter>
    </ClInclude>
    <ClInclude Include="..\Header\CAssetMgr.h">
      <Filter>00. Manager\15. AssetMgr</Filter>
    </ClInclude>
    <ClInclude Include="..\Header\CAsset.h">
      <Filter>00. Manager\15. AssetMgr\00. Asset</Filter>
    </ClInclude>
    <ClInclude Include="..\Header\AssetList.h">
      <Filter>00. Manager\15. AssetMgr</Filter>
    </ClInclude>
    <ClInclude Include="..\Header\CAssetTexture.h">
      <Filter>00. Manager\15. AssetMgr\00. Asset\02. Texture</Filter>
    </ClInclude>
    <ClInclude Include="..\Header\CCameraMgr.h">
      <Filter>00. Manager\CameraMgr</Filter>
    </ClInclude>
    <ClInclude Include="..\Header\CFreeCam.h">
      <Filter>03. GameObject\FreeCam</Filter>
    </ClInclude>
    <ClInclude Include="..\Header\CFrustrum.h">
      <Filter>02. Component\00. VIBuffer\Frustrum</Filter>
    </ClInclude>
    <ClInclude Include="..\Header\CLay.h">
      <Filter>01. Structure\02. GameObject\Lay</Filter>
    </ClInclude>
    <ClInclude Include="..\Header\CAssetCubeTexture.h">
      <Filter>00. Manager\15. AssetMgr\00. Asset\03. CubeTexture</Filter>
    </ClInclude>
    <ClInclude Include="..\Header\CAssetDefaultFont.h">
      <Filter>00. Manager\15. AssetMgr\00. Asset\00. Font</Filter>
    </ClInclude>
    <ClInclude Include="..\Header\CFlameShot.h">
      <Filter>00. Manager\13. ParticleMgr\03. Particles\04. FlameShot</Filter>
    </ClInclude>
  </ItemGroup>
</Project>